{
  "version": 4,
  "terraform_version": "1.8.5",
  "serial": 2559,
  "lineage": "ed57352c-9a8a-bc0d-8858-7ecb110a3c2b",
  "outputs": {
    "gcp_available_regions": {
      "value": {
        "id": "projects/excelra-rnd-gsk-otg-2024",
        "names": [
          "africa-south1",
          "asia-east1",
          "asia-east2",
          "asia-northeast1",
          "asia-northeast2",
          "asia-northeast3",
          "asia-south1",
          "asia-south2",
          "asia-southeast1",
          "asia-southeast2",
          "australia-southeast1",
          "australia-southeast2",
          "europe-central2",
          "europe-north1",
          "europe-southwest1",
          "europe-west1",
          "europe-west10",
          "europe-west12",
          "europe-west2",
          "europe-west3",
          "europe-west4",
          "europe-west6",
          "europe-west8",
          "europe-west9",
          "me-central1",
          "me-central2",
          "me-west1",
          "northamerica-northeast1",
          "northamerica-northeast2",
          "southamerica-east1",
          "southamerica-west1",
          "us-central1",
          "us-east1",
          "us-east4",
          "us-east5",
          "us-south1",
          "us-west1",
          "us-west2",
          "us-west3",
          "us-west4"
        ],
        "project": "excelra-rnd-gsk-otg-2024",
        "status": null
      },
      "type": [
        "object",
        {
          "id": "string",
          "names": [
            "list",
            "string"
          ],
          "project": "string",
          "status": "string"
        }
      ]
    },
    "gcp_available_zones_per_region": {
      "value": {
        "asia-east1": [
          "asia-east1-a",
          "asia-east1-b",
          "asia-east1-c"
        ],
        "asia-east2": [
          "asia-east2-a",
          "asia-east2-b",
          "asia-east2-c"
        ],
        "asia-northeast1": [
          "asia-northeast1-a",
          "asia-northeast1-b",
          "asia-northeast1-c"
        ],
        "asia-northeast2": [
          "asia-northeast2-a",
          "asia-northeast2-b",
          "asia-northeast2-c"
        ],
        "asia-northeast3": [
          "asia-northeast3-a",
          "asia-northeast3-b",
          "asia-northeast3-c"
        ],
        "asia-south1": [
          "asia-south1-a",
          "asia-south1-b",
          "asia-south1-c"
        ],
        "asia-southeast1": [
          "asia-southeast1-a",
          "asia-southeast1-b",
          "asia-southeast1-c"
        ],
        "asia-southeast2": [
          "asia-southeast2-a",
          "asia-southeast2-b",
          "asia-southeast2-c"
        ],
        "australia-southeast1": [
          "australia-southeast1-a",
          "australia-southeast1-b",
          "australia-southeast1-c"
        ],
        "europe-central2": [
          "europe-central2-a",
          "europe-central2-b",
          "europe-central2-c"
        ],
        "europe-north1": [
          "europe-north1-a",
          "europe-north1-b",
          "europe-north1-c"
        ],
        "europe-west1": [
          "europe-west1-b",
          "europe-west1-c",
          "europe-west1-d"
        ],
        "europe-west2": [
          "europe-west2-a",
          "europe-west2-b",
          "europe-west2-c"
        ],
        "europe-west3": [
          "europe-west3-a",
          "europe-west3-b",
          "europe-west3-c"
        ],
        "europe-west4": [
          "europe-west4-a",
          "europe-west4-b",
          "europe-west4-c"
        ],
        "europe-west6": [
          "europe-west6-a",
          "europe-west6-b",
          "europe-west6-c"
        ],
        "northamerica-northeast1": [
          "northamerica-northeast1-a",
          "northamerica-northeast1-b",
          "northamerica-northeast1-c"
        ],
        "southamerica-east1": [
          "southamerica-east1-a",
          "southamerica-east1-b",
          "southamerica-east1-c"
        ],
        "us-central1": [
          "us-central1-a",
          "us-central1-b",
          "us-central1-c",
          "us-central1-f"
        ],
        "us-east1": [
          "us-east1-b",
          "us-east1-c",
          "us-east1-d"
        ],
        "us-east4": [
          "us-east4-a",
          "us-east4-b",
          "us-east4-c"
        ],
        "us-west1": [
          "us-west1-a",
          "us-west1-b",
          "us-west1-c"
        ],
        "us-west2": [
          "us-west2-a",
          "us-west2-b",
          "us-west2-c"
        ],
        "us-west3": [
          "us-west3-a",
          "us-west3-b",
          "us-west3-c"
        ],
        "us-west4": [
          "us-west4-a",
          "us-west4-b",
          "us-west4-c"
        ]
      },
      "type": [
        "object",
        {
          "asia-east1": [
            "list",
            "string"
          ],
          "asia-east2": [
            "list",
            "string"
          ],
          "asia-northeast1": [
            "list",
            "string"
          ],
          "asia-northeast2": [
            "list",
            "string"
          ],
          "asia-northeast3": [
            "list",
            "string"
          ],
          "asia-south1": [
            "list",
            "string"
          ],
          "asia-southeast1": [
            "list",
            "string"
          ],
          "asia-southeast2": [
            "list",
            "string"
          ],
          "australia-southeast1": [
            "list",
            "string"
          ],
          "europe-central2": [
            "list",
            "string"
          ],
          "europe-north1": [
            "list",
            "string"
          ],
          "europe-west1": [
            "list",
            "string"
          ],
          "europe-west2": [
            "list",
            "string"
          ],
          "europe-west3": [
            "list",
            "string"
          ],
          "europe-west4": [
            "list",
            "string"
          ],
          "europe-west6": [
            "list",
            "string"
          ],
          "northamerica-northeast1": [
            "list",
            "string"
          ],
          "southamerica-east1": [
            "list",
            "string"
          ],
          "us-central1": [
            "list",
            "string"
          ],
          "us-east1": [
            "list",
            "string"
          ],
          "us-east4": [
            "list",
            "string"
          ],
          "us-west1": [
            "list",
            "string"
          ],
          "us-west2": [
            "list",
            "string"
          ],
          "us-west3": [
            "list",
            "string"
          ],
          "us-west4": [
            "list",
            "string"
          ]
        }
      ]
    },
    "inspection_vms": {
      "value": [],
      "type": [
        "tuple",
        []
      ]
    },
    "subnet_indexing": {
      "value": {
        "asia-east1": 0,
        "asia-east2": 1,
        "asia-northeast1": 2,
        "asia-northeast2": 3,
        "asia-northeast3": 4,
        "asia-south1": 5,
        "asia-southeast1": 6,
        "asia-southeast2": 7,
        "australia-southeast1": 8,
        "europe-central2": 9,
        "europe-north1": 10,
        "europe-west1": 11,
        "europe-west2": 12,
        "europe-west3": 13,
        "europe-west4": 14,
        "europe-west6": 15,
        "northamerica-northeast1": 16,
        "southamerica-east1": 17,
        "us-central1": 18,
        "us-east1": 19,
        "us-east4": 20,
        "us-west1": 21,
        "us-west2": 22,
        "us-west3": 23,
        "us-west4": 24
      },
      "type": [
        "map",
        "number"
      ]
    },
    "subnetting_per_deployment_region": {
      "value": {
        "us-east1": {
          "subnet_ip": "10.19.0.0/20",
          "subnet_name": "main-subnet",
          "subnet_region": "us-east1"
        }
      },
      "type": [
        "object",
        {
          "us-east1": [
            "object",
            {
              "subnet_ip": "string",
              "subnet_name": "string",
              "subnet_region": "string"
            }
          ]
        }
      ]
    }
  },
  "resources": [
    {
      "mode": "data",
      "type": "google_compute_regions",
      "name": "gcp_available_regions",
      "provider": "provider[\"registry.terraform.io/hashicorp/google\"]",
      "instances": [
        {
          "schema_version": 0,
          "attributes": {
            "id": "projects/excelra-rnd-gsk-otg-2024",
            "names": [
              "africa-south1",
              "asia-east1",
              "asia-east2",
              "asia-northeast1",
              "asia-northeast2",
              "asia-northeast3",
              "asia-south1",
              "asia-south2",
              "asia-southeast1",
              "asia-southeast2",
              "australia-southeast1",
              "australia-southeast2",
              "europe-central2",
              "europe-north1",
              "europe-southwest1",
              "europe-west1",
              "europe-west10",
              "europe-west12",
              "europe-west2",
              "europe-west3",
              "europe-west4",
              "europe-west6",
              "europe-west8",
              "europe-west9",
              "me-central1",
              "me-central2",
              "me-west1",
              "northamerica-northeast1",
              "northamerica-northeast2",
              "southamerica-east1",
              "southamerica-west1",
              "us-central1",
              "us-east1",
              "us-east4",
              "us-east5",
              "us-south1",
              "us-west1",
              "us-west2",
              "us-west3",
              "us-west4"
            ],
            "project": "excelra-rnd-gsk-otg-2024",
            "status": null
          },
          "sensitive_attributes": []
        }
      ]
    },
    {
      "mode": "data",
      "type": "google_compute_zones",
      "name": "gcp_available_zones",
      "provider": "provider[\"registry.terraform.io/hashicorp/google\"]",
      "instances": [
        {
          "index_key": 0,
          "schema_version": 0,
          "attributes": {
            "id": "projects/excelra-rnd-gsk-otg-2024/regions/asia-east1",
            "names": [
              "asia-east1-a",
              "asia-east1-b",
              "asia-east1-c"
            ],
            "project": "excelra-rnd-gsk-otg-2024",
            "region": "asia-east1",
            "status": null
          },
          "sensitive_attributes": []
        },
        {
          "index_key": 1,
          "schema_version": 0,
          "attributes": {
            "id": "projects/excelra-rnd-gsk-otg-2024/regions/asia-east2",
            "names": [
              "asia-east2-a",
              "asia-east2-b",
              "asia-east2-c"
            ],
            "project": "excelra-rnd-gsk-otg-2024",
            "region": "asia-east2",
            "status": null
          },
          "sensitive_attributes": []
        },
        {
          "index_key": 2,
          "schema_version": 0,
          "attributes": {
            "id": "projects/excelra-rnd-gsk-otg-2024/regions/asia-northeast1",
            "names": [
              "asia-northeast1-a",
              "asia-northeast1-b",
              "asia-northeast1-c"
            ],
            "project": "excelra-rnd-gsk-otg-2024",
            "region": "asia-northeast1",
            "status": null
          },
          "sensitive_attributes": []
        },
        {
          "index_key": 3,
          "schema_version": 0,
          "attributes": {
            "id": "projects/excelra-rnd-gsk-otg-2024/regions/asia-northeast2",
            "names": [
              "asia-northeast2-a",
              "asia-northeast2-b",
              "asia-northeast2-c"
            ],
            "project": "excelra-rnd-gsk-otg-2024",
            "region": "asia-northeast2",
            "status": null
          },
          "sensitive_attributes": []
        },
        {
          "index_key": 4,
          "schema_version": 0,
          "attributes": {
            "id": "projects/excelra-rnd-gsk-otg-2024/regions/asia-northeast3",
            "names": [
              "asia-northeast3-a",
              "asia-northeast3-b",
              "asia-northeast3-c"
            ],
            "project": "excelra-rnd-gsk-otg-2024",
            "region": "asia-northeast3",
            "status": null
          },
          "sensitive_attributes": []
        },
        {
          "index_key": 5,
          "schema_version": 0,
          "attributes": {
            "id": "projects/excelra-rnd-gsk-otg-2024/regions/asia-south1",
            "names": [
              "asia-south1-a",
              "asia-south1-b",
              "asia-south1-c"
            ],
            "project": "excelra-rnd-gsk-otg-2024",
            "region": "asia-south1",
            "status": null
          },
          "sensitive_attributes": []
        },
        {
          "index_key": 6,
          "schema_version": 0,
          "attributes": {
            "id": "projects/excelra-rnd-gsk-otg-2024/regions/asia-southeast1",
            "names": [
              "asia-southeast1-a",
              "asia-southeast1-b",
              "asia-southeast1-c"
            ],
            "project": "excelra-rnd-gsk-otg-2024",
            "region": "asia-southeast1",
            "status": null
          },
          "sensitive_attributes": []
        },
        {
          "index_key": 7,
          "schema_version": 0,
          "attributes": {
            "id": "projects/excelra-rnd-gsk-otg-2024/regions/asia-southeast2",
            "names": [
              "asia-southeast2-a",
              "asia-southeast2-b",
              "asia-southeast2-c"
            ],
            "project": "excelra-rnd-gsk-otg-2024",
            "region": "asia-southeast2",
            "status": null
          },
          "sensitive_attributes": []
        },
        {
          "index_key": 8,
          "schema_version": 0,
          "attributes": {
            "id": "projects/excelra-rnd-gsk-otg-2024/regions/australia-southeast1",
            "names": [
              "australia-southeast1-a",
              "australia-southeast1-b",
              "australia-southeast1-c"
            ],
            "project": "excelra-rnd-gsk-otg-2024",
            "region": "australia-southeast1",
            "status": null
          },
          "sensitive_attributes": []
        },
        {
          "index_key": 9,
          "schema_version": 0,
          "attributes": {
            "id": "projects/excelra-rnd-gsk-otg-2024/regions/europe-central2",
            "names": [
              "europe-central2-a",
              "europe-central2-b",
              "europe-central2-c"
            ],
            "project": "excelra-rnd-gsk-otg-2024",
            "region": "europe-central2",
            "status": null
          },
          "sensitive_attributes": []
        },
        {
          "index_key": 10,
          "schema_version": 0,
          "attributes": {
            "id": "projects/excelra-rnd-gsk-otg-2024/regions/europe-north1",
            "names": [
              "europe-north1-a",
              "europe-north1-b",
              "europe-north1-c"
            ],
            "project": "excelra-rnd-gsk-otg-2024",
            "region": "europe-north1",
            "status": null
          },
          "sensitive_attributes": []
        },
        {
          "index_key": 11,
          "schema_version": 0,
          "attributes": {
            "id": "projects/excelra-rnd-gsk-otg-2024/regions/europe-west1",
            "names": [
              "europe-west1-b",
              "europe-west1-c",
              "europe-west1-d"
            ],
            "project": "excelra-rnd-gsk-otg-2024",
            "region": "europe-west1",
            "status": null
          },
          "sensitive_attributes": []
        },
        {
          "index_key": 12,
          "schema_version": 0,
          "attributes": {
            "id": "projects/excelra-rnd-gsk-otg-2024/regions/europe-west2",
            "names": [
              "europe-west2-a",
              "europe-west2-b",
              "europe-west2-c"
            ],
            "project": "excelra-rnd-gsk-otg-2024",
            "region": "europe-west2",
            "status": null
          },
          "sensitive_attributes": []
        },
        {
          "index_key": 13,
          "schema_version": 0,
          "attributes": {
            "id": "projects/excelra-rnd-gsk-otg-2024/regions/europe-west3",
            "names": [
              "europe-west3-a",
              "europe-west3-b",
              "europe-west3-c"
            ],
            "project": "excelra-rnd-gsk-otg-2024",
            "region": "europe-west3",
            "status": null
          },
          "sensitive_attributes": []
        },
        {
          "index_key": 14,
          "schema_version": 0,
          "attributes": {
            "id": "projects/excelra-rnd-gsk-otg-2024/regions/europe-west4",
            "names": [
              "europe-west4-a",
              "europe-west4-b",
              "europe-west4-c"
            ],
            "project": "excelra-rnd-gsk-otg-2024",
            "region": "europe-west4",
            "status": null
          },
          "sensitive_attributes": []
        },
        {
          "index_key": 15,
          "schema_version": 0,
          "attributes": {
            "id": "projects/excelra-rnd-gsk-otg-2024/regions/europe-west6",
            "names": [
              "europe-west6-a",
              "europe-west6-b",
              "europe-west6-c"
            ],
            "project": "excelra-rnd-gsk-otg-2024",
            "region": "europe-west6",
            "status": null
          },
          "sensitive_attributes": []
        },
        {
          "index_key": 16,
          "schema_version": 0,
          "attributes": {
            "id": "projects/excelra-rnd-gsk-otg-2024/regions/northamerica-northeast1",
            "names": [
              "northamerica-northeast1-a",
              "northamerica-northeast1-b",
              "northamerica-northeast1-c"
            ],
            "project": "excelra-rnd-gsk-otg-2024",
            "region": "northamerica-northeast1",
            "status": null
          },
          "sensitive_attributes": []
        },
        {
          "index_key": 17,
          "schema_version": 0,
          "attributes": {
            "id": "projects/excelra-rnd-gsk-otg-2024/regions/southamerica-east1",
            "names": [
              "southamerica-east1-a",
              "southamerica-east1-b",
              "southamerica-east1-c"
            ],
            "project": "excelra-rnd-gsk-otg-2024",
            "region": "southamerica-east1",
            "status": null
          },
          "sensitive_attributes": []
        },
        {
          "index_key": 18,
          "schema_version": 0,
          "attributes": {
            "id": "projects/excelra-rnd-gsk-otg-2024/regions/us-central1",
            "names": [
              "us-central1-a",
              "us-central1-b",
              "us-central1-c",
              "us-central1-f"
            ],
            "project": "excelra-rnd-gsk-otg-2024",
            "region": "us-central1",
            "status": null
          },
          "sensitive_attributes": []
        },
        {
          "index_key": 19,
          "schema_version": 0,
          "attributes": {
            "id": "projects/excelra-rnd-gsk-otg-2024/regions/us-east1",
            "names": [
              "us-east1-b",
              "us-east1-c",
              "us-east1-d"
            ],
            "project": "excelra-rnd-gsk-otg-2024",
            "region": "us-east1",
            "status": null
          },
          "sensitive_attributes": []
        },
        {
          "index_key": 20,
          "schema_version": 0,
          "attributes": {
            "id": "projects/excelra-rnd-gsk-otg-2024/regions/us-east4",
            "names": [
              "us-east4-a",
              "us-east4-b",
              "us-east4-c"
            ],
            "project": "excelra-rnd-gsk-otg-2024",
            "region": "us-east4",
            "status": null
          },
          "sensitive_attributes": []
        },
        {
          "index_key": 21,
          "schema_version": 0,
          "attributes": {
            "id": "projects/excelra-rnd-gsk-otg-2024/regions/us-west1",
            "names": [
              "us-west1-a",
              "us-west1-b",
              "us-west1-c"
            ],
            "project": "excelra-rnd-gsk-otg-2024",
            "region": "us-west1",
            "status": null
          },
          "sensitive_attributes": []
        },
        {
          "index_key": 22,
          "schema_version": 0,
          "attributes": {
            "id": "projects/excelra-rnd-gsk-otg-2024/regions/us-west2",
            "names": [
              "us-west2-a",
              "us-west2-b",
              "us-west2-c"
            ],
            "project": "excelra-rnd-gsk-otg-2024",
            "region": "us-west2",
            "status": null
          },
          "sensitive_attributes": []
        },
        {
          "index_key": 23,
          "schema_version": 0,
          "attributes": {
            "id": "projects/excelra-rnd-gsk-otg-2024/regions/us-west3",
            "names": [
              "us-west3-a",
              "us-west3-b",
              "us-west3-c"
            ],
            "project": "excelra-rnd-gsk-otg-2024",
            "region": "us-west3",
            "status": null
          },
          "sensitive_attributes": []
        },
        {
          "index_key": 24,
          "schema_version": 0,
          "attributes": {
            "id": "projects/excelra-rnd-gsk-otg-2024/regions/us-west4",
            "names": [
              "us-west4-a",
              "us-west4-b",
              "us-west4-c"
            ],
            "project": "excelra-rnd-gsk-otg-2024",
            "region": "us-west4",
            "status": null
          },
          "sensitive_attributes": []
        }
      ]
    },
    {
      "mode": "managed",
      "type": "google_compute_managed_ssl_certificate",
      "name": "glb_ssl_cert",
      "provider": "provider[\"registry.terraform.io/hashicorp/google\"]",
      "instances": [
        {
          "index_key": 0,
          "schema_version": 0,
          "attributes": {
            "certificate_id": 4831720864004832188,
            "creation_timestamp": "2024-06-20T08:05:55.241-07:00",
            "description": "",
            "expire_time": "",
            "id": "projects/excelra-rnd-gsk-otg-2024/global/sslCertificates/production-ssl-cert-261b241fdc861e8f2ea6c58713ef614e",
            "managed": [
              {
                "domains": [
                  "www.api.opentargets.org"
                ]
              }
            ],
            "name": "production-ssl-cert-261b241fdc861e8f2ea6c58713ef614e",
            "project": "excelra-rnd-gsk-otg-2024",
            "self_link": "https://www.googleapis.com/compute/v1/projects/excelra-rnd-gsk-otg-2024/global/sslCertificates/production-ssl-cert-261b241fdc861e8f2ea6c58713ef614e",
            "subject_alternative_names": [],
            "timeouts": null,
            "type": "MANAGED"
          },
          "sensitive_attributes": [],
          "private": "eyJlMmJmYjczMC1lY2FhLTExZTYtOGY4OC0zNDM2M2JjN2M0YzAiOnsiY3JlYXRlIjozNjAwMDAwMDAwMDAsImRlbGV0ZSI6MTgwMDAwMDAwMDAwMH19"
        },
        {
          "index_key": 1,
          "schema_version": 0,
          "attributes": {
            "certificate_id": 8907576993195359164,
            "creation_timestamp": "2024-06-20T08:05:55.330-07:00",
            "description": "",
            "expire_time": "",
            "id": "projects/excelra-rnd-gsk-otg-2024/global/sslCertificates/production-ssl-cert-8098a603b028e07da6f44563815472b6",
            "managed": [
              {
                "domains": [
                  "api.opentargets.org"
                ]
              }
            ],
            "name": "production-ssl-cert-8098a603b028e07da6f44563815472b6",
            "project": "excelra-rnd-gsk-otg-2024",
            "self_link": "https://www.googleapis.com/compute/v1/projects/excelra-rnd-gsk-otg-2024/global/sslCertificates/production-ssl-cert-8098a603b028e07da6f44563815472b6",
            "subject_alternative_names": [],
            "timeouts": null,
            "type": "MANAGED"
          },
          "sensitive_attributes": [],
          "private": "eyJlMmJmYjczMC1lY2FhLTExZTYtOGY4OC0zNDM2M2JjN2M0YzAiOnsiY3JlYXRlIjozNjAwMDAwMDAwMDAsImRlbGV0ZSI6MTgwMDAwMDAwMDAwMH19"
        },
        {
          "index_key": 2,
          "schema_version": 0,
          "attributes": {
            "certificate_id": 5339641175283989436,
            "creation_timestamp": "2024-06-20T08:05:55.250-07:00",
            "description": "",
            "expire_time": "",
            "id": "projects/excelra-rnd-gsk-otg-2024/global/sslCertificates/production-ssl-cert-08a4ad54fdc1282ddbcd5f9d2b99d46c",
            "managed": [
              {
                "domains": [
                  "api.api.opentargets.org"
                ]
              }
            ],
            "name": "production-ssl-cert-08a4ad54fdc1282ddbcd5f9d2b99d46c",
            "project": "excelra-rnd-gsk-otg-2024",
            "self_link": "https://www.googleapis.com/compute/v1/projects/excelra-rnd-gsk-otg-2024/global/sslCertificates/production-ssl-cert-08a4ad54fdc1282ddbcd5f9d2b99d46c",
            "subject_alternative_names": [],
            "timeouts": null,
            "type": "MANAGED"
          },
          "sensitive_attributes": [],
          "private": "eyJlMmJmYjczMC1lY2FhLTExZTYtOGY4OC0zNDM2M2JjN2M0YzAiOnsiY3JlYXRlIjozNjAwMDAwMDAwMDAsImRlbGV0ZSI6MTgwMDAwMDAwMDAwMH19"
        }
      ]
    },
    {
      "mode": "managed",
      "type": "google_compute_project_default_network_tier",
      "name": "default_network_tier",
      "provider": "provider[\"registry.terraform.io/hashicorp/google\"]",
      "instances": [
        {
          "schema_version": 0,
          "attributes": {
            "id": "excelra-rnd-gsk-otg-2024",
            "network_tier": "PREMIUM",
            "project": "excelra-rnd-gsk-otg-2024",
            "timeouts": null
          },
          "sensitive_attributes": [],
          "private": "eyJlMmJmYjczMC1lY2FhLTExZTYtOGY4OC0zNDM2M2JjN2M0YzAiOnsiY3JlYXRlIjoyNDAwMDAwMDAwMDB9fQ=="
        }
      ]
    },
    {
      "mode": "managed",
      "type": "random_string",
      "name": "random_glb",
      "provider": "provider[\"registry.terraform.io/hashicorp/random\"]",
      "instances": [
        {
          "schema_version": 2,
          "attributes": {
            "id": "cmb4t17y",
            "keepers": {
              "dns_api_subdomain": "api",
              "dns_managed_zone_dns_name": "opentargets.org.",
              "dns_managed_zone_name": "opentargets-org",
              "dns_subdomain_prefix": null,
              "release_name": "production"
            },
            "length": 8,
            "lower": true,
            "min_lower": 0,
            "min_numeric": 0,
            "min_special": 0,
            "min_upper": 0,
            "number": true,
            "numeric": true,
            "override_special": null,
            "result": "cmb4t17y",
            "special": false,
            "upper": false
          },
          "sensitive_attributes": [],
          "create_before_destroy": true
        }
      ]
    },
    {
      "mode": "managed",
      "type": "random_string",
      "name": "random_inspection_vm",
      "provider": "provider[\"registry.terraform.io/hashicorp/random\"]",
      "instances": [
        {
          "schema_version": 2,
          "attributes": {
            "id": "o29dkka5",
            "keepers": {
              "machine_type": "n1-standard-1",
              "vm_image": "debian-cloud/debian-10"
            },
            "length": 8,
            "lower": true,
            "min_lower": 0,
            "min_numeric": 0,
            "min_special": 0,
            "min_upper": 0,
            "number": true,
            "numeric": true,
            "override_special": null,
            "result": "o29dkka5",
            "special": false,
            "upper": false
          },
          "sensitive_attributes": [],
          "create_before_destroy": true
        }
      ]
    },
    {
      "module": "module.backend_clickhouse[0]",
      "mode": "data",
      "type": "google_compute_zones",
      "name": "gcp_available_zones",
      "provider": "provider[\"registry.terraform.io/hashicorp/google\"]",
      "instances": [
        {
          "schema_version": 0,
          "attributes": {
            "id": "projects/excelra-rnd-gsk-otg-2024/regions/us-east1",
            "names": [
              "us-east1-b",
              "us-east1-c",
              "us-east1-d"
            ],
            "project": "excelra-rnd-gsk-otg-2024",
            "region": "us-east1",
            "status": null
          },
          "sensitive_attributes": []
        }
      ]
    },
    {
      "module": "module.backend_clickhouse[0]",
      "mode": "managed",
      "type": "google_compute_health_check",
      "name": "clickhouse_healthcheck",
      "provider": "provider[\"registry.terraform.io/hashicorp/google\"]",
      "instances": [
        {
          "schema_version": 0,
          "attributes": {
            "check_interval_sec": 5,
            "creation_timestamp": "2024-06-20T08:06:27.142-07:00",
            "description": "",
            "grpc_health_check": [],
            "healthy_threshold": 2,
            "http2_health_check": [],
            "http_health_check": [],
            "https_health_check": [],
            "id": "projects/excelra-rnd-gsk-otg-2024/global/healthChecks/production-ch-19-clickhouse-healthcheck",
            "name": "production-ch-19-clickhouse-healthcheck",
            "project": "excelra-rnd-gsk-otg-2024",
            "self_link": "https://www.googleapis.com/compute/v1/projects/excelra-rnd-gsk-otg-2024/global/healthChecks/production-ch-19-clickhouse-healthcheck",
            "ssl_health_check": [],
            "tcp_health_check": [
              {
                "port": 8123,
                "port_name": "",
                "port_specification": "",
                "proxy_header": "NONE",
                "request": "",
                "response": ""
              }
            ],
            "timeout_sec": 5,
            "timeouts": null,
            "type": "TCP",
            "unhealthy_threshold": 10
          },
          "sensitive_attributes": [],
          "private": "eyJlMmJmYjczMC1lY2FhLTExZTYtOGY4OC0zNDM2M2JjN2M0YzAiOnsiY3JlYXRlIjoyNDAwMDAwMDAwMDAsImRlbGV0ZSI6MjQwMDAwMDAwMDAwLCJ1cGRhdGUiOjI0MDAwMDAwMDAwMH19",
          "dependencies": [
            "module.vpc_network.module.firewall_rules.google_compute_firewall.rules",
            "module.vpc_network.module.routes.google_compute_route.route",
            "module.vpc_network.module.subnets.google_compute_subnetwork.subnetwork",
            "module.vpc_network.module.vpc.google_compute_network.network",
            "module.vpc_network.module.vpc.google_compute_shared_vpc_host_project.shared_vpc_host"
          ],
          "create_before_destroy": true
        }
      ]
    },
    {
      "module": "module.backend_clickhouse[0]",
      "mode": "managed",
      "type": "google_compute_region_health_check",
      "name": "ilb_backend_healthcheck",
      "provider": "provider[\"registry.terraform.io/hashicorp/google\"]",
      "instances": [
        {
          "schema_version": 0,
          "attributes": {
            "check_interval_sec": 5,
            "creation_timestamp": "2024-06-20T08:06:27.826-07:00",
            "description": "",
            "grpc_health_check": [],
            "healthy_threshold": 2,
            "http2_health_check": [],
            "http_health_check": [],
            "https_health_check": [],
            "id": "projects/excelra-rnd-gsk-otg-2024/regions/us-east1/healthChecks/production-ch-19-ilb-backend-healthcheck",
            "name": "production-ch-19-ilb-backend-healthcheck",
            "project": "excelra-rnd-gsk-otg-2024",
            "region": "us-east1",
            "self_link": "https://www.googleapis.com/compute/v1/projects/excelra-rnd-gsk-otg-2024/regions/us-east1/healthChecks/production-ch-19-ilb-backend-healthcheck",
            "ssl_health_check": [],
            "tcp_health_check": [
              {
                "port": 8123,
                "port_name": "",
                "port_specification": "",
                "proxy_header": "NONE",
                "request": "",
                "response": ""
              }
            ],
            "timeout_sec": 5,
            "timeouts": null,
            "type": "TCP",
            "unhealthy_threshold": 2
          },
          "sensitive_attributes": [],
          "private": "eyJlMmJmYjczMC1lY2FhLTExZTYtOGY4OC0zNDM2M2JjN2M0YzAiOnsiY3JlYXRlIjoyNDAwMDAwMDAwMDAsImRlbGV0ZSI6MjQwMDAwMDAwMDAwLCJ1cGRhdGUiOjI0MDAwMDAwMDAwMH19",
          "dependencies": [
            "module.vpc_network.module.firewall_rules.google_compute_firewall.rules",
            "module.vpc_network.module.routes.google_compute_route.route",
            "module.vpc_network.module.subnets.google_compute_subnetwork.subnetwork",
            "module.vpc_network.module.vpc.google_compute_network.network",
            "module.vpc_network.module.vpc.google_compute_shared_vpc_host_project.shared_vpc_host"
          ],
          "create_before_destroy": true
        }
      ]
    },
    {
      "module": "module.backend_clickhouse[0]",
      "mode": "managed",
      "type": "google_project_iam_member",
      "name": "logging-writer",
      "provider": "provider[\"registry.terraform.io/hashicorp/google\"]",
      "instances": [
        {
          "schema_version": 0,
          "attributes": {
            "condition": [],
            "etag": "BwYboDw+W8Q=",
            "id": "excelra-rnd-gsk-otg-2024/roles/logging.logWriter/serviceAccount:production-ch-19-svc-lks48ein@excelra-rnd-gsk-otg-2024.iam.gserviceaccount.com",
            "member": "serviceAccount:production-ch-19-svc-lks48ein@excelra-rnd-gsk-otg-2024.iam.gserviceaccount.com",
            "project": "excelra-rnd-gsk-otg-2024",
            "role": "roles/logging.logWriter"
          },
          "sensitive_attributes": [],
          "private": "bnVsbA==",
          "dependencies": [
            "module.backend_clickhouse.google_service_account.gcp_service_acc_apis",
            "module.backend_clickhouse.random_string.random_ch_vm",
            "module.vpc_network.module.firewall_rules.google_compute_firewall.rules",
            "module.vpc_network.module.routes.google_compute_route.route",
            "module.vpc_network.module.subnets.google_compute_subnetwork.subnetwork",
            "module.vpc_network.module.vpc.google_compute_network.network",
            "module.vpc_network.module.vpc.google_compute_shared_vpc_host_project.shared_vpc_host"
          ],
          "create_before_destroy": true
        },
        {
          "deposed": "ada9dd74",
          "schema_version": 0,
          "attributes": {
            "condition": [],
            "etag": "BwYboDw+W8Q=",
            "id": "excelra-rnd-gsk-otg-2024/roles/logging.logWriter/serviceAccount:production-ch-19-svc-103evgz5@excelra-rnd-gsk-otg-2024.iam.gserviceaccount.com",
            "member": "serviceAccount:production-ch-19-svc-103evgz5@excelra-rnd-gsk-otg-2024.iam.gserviceaccount.com",
            "project": "excelra-rnd-gsk-otg-2024",
            "role": "roles/logging.logWriter"
          },
          "sensitive_attributes": [],
          "private": "bnVsbA==",
          "dependencies": [
            "module.backend_clickhouse.google_service_account.gcp_service_acc_apis",
            "module.backend_clickhouse.random_string.random_ch_vm",
            "module.vpc_network.module.firewall_rules.google_compute_firewall.rules",
            "module.vpc_network.module.routes.google_compute_route.route",
            "module.vpc_network.module.subnets.google_compute_subnetwork.subnetwork",
            "module.vpc_network.module.vpc.google_compute_network.network",
            "module.vpc_network.module.vpc.google_compute_shared_vpc_host_project.shared_vpc_host"
          ],
          "create_before_destroy": true
        },
        {
          "deposed": "b831c961",
          "schema_version": 0,
          "attributes": {
            "condition": [],
            "etag": "BwYboDw+W8Q=",
            "id": "excelra-rnd-gsk-otg-2024/roles/logging.logWriter/serviceAccount:production-ch-19-svc-8zbhz9uw@excelra-rnd-gsk-otg-2024.iam.gserviceaccount.com",
            "member": "serviceAccount:production-ch-19-svc-8zbhz9uw@excelra-rnd-gsk-otg-2024.iam.gserviceaccount.com",
            "project": "excelra-rnd-gsk-otg-2024",
            "role": "roles/logging.logWriter"
          },
          "sensitive_attributes": [],
          "private": "bnVsbA==",
          "dependencies": [
            "module.backend_clickhouse.google_service_account.gcp_service_acc_apis",
            "module.backend_clickhouse.random_string.random_ch_vm",
            "module.vpc_network.module.firewall_rules.google_compute_firewall.rules",
            "module.vpc_network.module.routes.google_compute_route.route",
            "module.vpc_network.module.subnets.google_compute_subnetwork.subnetwork",
            "module.vpc_network.module.vpc.google_compute_network.network",
            "module.vpc_network.module.vpc.google_compute_shared_vpc_host_project.shared_vpc_host"
          ],
          "create_before_destroy": true
        },
        {
          "deposed": "bd2a99db",
          "schema_version": 0,
          "attributes": {
            "condition": [],
            "etag": "BwYboDw+W8Q=",
            "id": "excelra-rnd-gsk-otg-2024/roles/logging.logWriter/serviceAccount:production-ch-19-svc-pnhe5lkq@excelra-rnd-gsk-otg-2024.iam.gserviceaccount.com",
            "member": "serviceAccount:production-ch-19-svc-pnhe5lkq@excelra-rnd-gsk-otg-2024.iam.gserviceaccount.com",
            "project": "excelra-rnd-gsk-otg-2024",
            "role": "roles/logging.logWriter"
          },
          "sensitive_attributes": [],
          "private": "bnVsbA==",
          "dependencies": [
            "module.backend_clickhouse.google_service_account.gcp_service_acc_apis",
            "module.backend_clickhouse.random_string.random_ch_vm",
            "module.vpc_network.module.firewall_rules.google_compute_firewall.rules",
            "module.vpc_network.module.routes.google_compute_route.route",
            "module.vpc_network.module.subnets.google_compute_subnetwork.subnetwork",
            "module.vpc_network.module.vpc.google_compute_network.network",
            "module.vpc_network.module.vpc.google_compute_shared_vpc_host_project.shared_vpc_host"
          ],
          "create_before_destroy": true
        }
      ]
    },
    {
      "module": "module.backend_clickhouse[0]",
      "mode": "managed",
      "type": "google_project_iam_member",
      "name": "monitoring-writer",
      "provider": "provider[\"registry.terraform.io/hashicorp/google\"]",
      "instances": [
        {
          "schema_version": 0,
          "attributes": {
            "condition": [],
            "etag": "BwYboDw+W8Q=",
            "id": "excelra-rnd-gsk-otg-2024/roles/monitoring.metricWriter/serviceAccount:production-ch-19-svc-lks48ein@excelra-rnd-gsk-otg-2024.iam.gserviceaccount.com",
            "member": "serviceAccount:production-ch-19-svc-lks48ein@excelra-rnd-gsk-otg-2024.iam.gserviceaccount.com",
            "project": "excelra-rnd-gsk-otg-2024",
            "role": "roles/monitoring.metricWriter"
          },
          "sensitive_attributes": [],
          "private": "bnVsbA==",
          "dependencies": [
            "module.backend_clickhouse.google_service_account.gcp_service_acc_apis",
            "module.backend_clickhouse.random_string.random_ch_vm",
            "module.vpc_network.module.firewall_rules.google_compute_firewall.rules",
            "module.vpc_network.module.routes.google_compute_route.route",
            "module.vpc_network.module.subnets.google_compute_subnetwork.subnetwork",
            "module.vpc_network.module.vpc.google_compute_network.network",
            "module.vpc_network.module.vpc.google_compute_shared_vpc_host_project.shared_vpc_host"
          ],
          "create_before_destroy": true
        },
        {
          "deposed": "00cea1f8",
          "schema_version": 0,
          "attributes": {
            "condition": [],
            "etag": "BwYboDw+W8Q=",
            "id": "excelra-rnd-gsk-otg-2024/roles/monitoring.metricWriter/serviceAccount:production-ch-19-svc-103evgz5@excelra-rnd-gsk-otg-2024.iam.gserviceaccount.com",
            "member": "serviceAccount:production-ch-19-svc-103evgz5@excelra-rnd-gsk-otg-2024.iam.gserviceaccount.com",
            "project": "excelra-rnd-gsk-otg-2024",
            "role": "roles/monitoring.metricWriter"
          },
          "sensitive_attributes": [],
          "private": "bnVsbA==",
          "dependencies": [
            "module.backend_clickhouse.google_service_account.gcp_service_acc_apis",
            "module.backend_clickhouse.random_string.random_ch_vm",
            "module.vpc_network.module.firewall_rules.google_compute_firewall.rules",
            "module.vpc_network.module.routes.google_compute_route.route",
            "module.vpc_network.module.subnets.google_compute_subnetwork.subnetwork",
            "module.vpc_network.module.vpc.google_compute_network.network",
            "module.vpc_network.module.vpc.google_compute_shared_vpc_host_project.shared_vpc_host"
          ],
          "create_before_destroy": true
        },
        {
          "deposed": "582723fd",
          "schema_version": 0,
          "attributes": {
            "condition": [],
            "etag": "BwYboDw+W8Q=",
            "id": "excelra-rnd-gsk-otg-2024/roles/monitoring.metricWriter/serviceAccount:production-ch-19-svc-pnhe5lkq@excelra-rnd-gsk-otg-2024.iam.gserviceaccount.com",
            "member": "serviceAccount:production-ch-19-svc-pnhe5lkq@excelra-rnd-gsk-otg-2024.iam.gserviceaccount.com",
            "project": "excelra-rnd-gsk-otg-2024",
            "role": "roles/monitoring.metricWriter"
          },
          "sensitive_attributes": [],
          "private": "bnVsbA==",
          "dependencies": [
            "module.backend_clickhouse.google_service_account.gcp_service_acc_apis",
            "module.backend_clickhouse.random_string.random_ch_vm",
            "module.vpc_network.module.firewall_rules.google_compute_firewall.rules",
            "module.vpc_network.module.routes.google_compute_route.route",
            "module.vpc_network.module.subnets.google_compute_subnetwork.subnetwork",
            "module.vpc_network.module.vpc.google_compute_network.network",
            "module.vpc_network.module.vpc.google_compute_shared_vpc_host_project.shared_vpc_host"
          ],
          "create_before_destroy": true
        },
        {
          "deposed": "d90072a3",
          "schema_version": 0,
          "attributes": {
            "condition": [],
            "etag": "BwYboDw+W8Q=",
            "id": "excelra-rnd-gsk-otg-2024/roles/monitoring.metricWriter/serviceAccount:production-ch-19-svc-8zbhz9uw@excelra-rnd-gsk-otg-2024.iam.gserviceaccount.com",
            "member": "serviceAccount:production-ch-19-svc-8zbhz9uw@excelra-rnd-gsk-otg-2024.iam.gserviceaccount.com",
            "project": "excelra-rnd-gsk-otg-2024",
            "role": "roles/monitoring.metricWriter"
          },
          "sensitive_attributes": [],
          "private": "bnVsbA==",
          "dependencies": [
            "module.backend_clickhouse.google_service_account.gcp_service_acc_apis",
            "module.backend_clickhouse.random_string.random_ch_vm",
            "module.vpc_network.module.firewall_rules.google_compute_firewall.rules",
            "module.vpc_network.module.routes.google_compute_route.route",
            "module.vpc_network.module.subnets.google_compute_subnetwork.subnetwork",
            "module.vpc_network.module.vpc.google_compute_network.network",
            "module.vpc_network.module.vpc.google_compute_shared_vpc_host_project.shared_vpc_host"
          ],
          "create_before_destroy": true
        }
      ]
    },
    {
      "module": "module.backend_clickhouse[0]",
      "mode": "managed",
      "type": "google_service_account",
      "name": "gcp_service_acc_apis",
      "provider": "provider[\"registry.terraform.io/hashicorp/google\"]",
      "instances": [
        {
          "schema_version": 0,
          "attributes": {
            "account_id": "production-ch-19-svc-lks48ein",
            "description": "",
            "display_name": "production-ch-19-GCP-service-account",
            "email": "production-ch-19-svc-lks48ein@excelra-rnd-gsk-otg-2024.iam.gserviceaccount.com",
            "id": "projects/excelra-rnd-gsk-otg-2024/serviceAccounts/production-ch-19-svc-lks48ein@excelra-rnd-gsk-otg-2024.iam.gserviceaccount.com",
            "name": "projects/excelra-rnd-gsk-otg-2024/serviceAccounts/production-ch-19-svc-lks48ein@excelra-rnd-gsk-otg-2024.iam.gserviceaccount.com",
            "project": "excelra-rnd-gsk-otg-2024",
            "timeouts": null,
            "unique_id": "110641525418689239417"
          },
          "sensitive_attributes": [],
          "private": "eyJlMmJmYjczMC1lY2FhLTExZTYtOGY4OC0zNDM2M2JjN2M0YzAiOnsiY3JlYXRlIjozMDAwMDAwMDAwMDB9fQ==",
          "dependencies": [
            "module.backend_clickhouse.random_string.random_ch_vm",
            "module.vpc_network.module.firewall_rules.google_compute_firewall.rules",
            "module.vpc_network.module.routes.google_compute_route.route",
            "module.vpc_network.module.subnets.google_compute_subnetwork.subnetwork",
            "module.vpc_network.module.vpc.google_compute_network.network",
            "module.vpc_network.module.vpc.google_compute_shared_vpc_host_project.shared_vpc_host"
          ],
          "create_before_destroy": true
        },
        {
          "deposed": "83642b9a",
          "schema_version": 0,
          "attributes": {
            "account_id": "production-ch-19-svc-8zbhz9uw",
            "description": "",
            "display_name": "production-ch-19-GCP-service-account",
            "email": "production-ch-19-svc-8zbhz9uw@excelra-rnd-gsk-otg-2024.iam.gserviceaccount.com",
            "id": "projects/excelra-rnd-gsk-otg-2024/serviceAccounts/production-ch-19-svc-8zbhz9uw@excelra-rnd-gsk-otg-2024.iam.gserviceaccount.com",
            "name": "projects/excelra-rnd-gsk-otg-2024/serviceAccounts/production-ch-19-svc-8zbhz9uw@excelra-rnd-gsk-otg-2024.iam.gserviceaccount.com",
            "project": "excelra-rnd-gsk-otg-2024",
            "timeouts": null,
            "unique_id": "107260375623515678888"
          },
          "sensitive_attributes": [],
          "private": "eyJlMmJmYjczMC1lY2FhLTExZTYtOGY4OC0zNDM2M2JjN2M0YzAiOnsiY3JlYXRlIjozMDAwMDAwMDAwMDB9fQ==",
          "dependencies": [
            "module.backend_clickhouse.random_string.random_ch_vm",
            "module.vpc_network.module.firewall_rules.google_compute_firewall.rules",
            "module.vpc_network.module.routes.google_compute_route.route",
            "module.vpc_network.module.subnets.google_compute_subnetwork.subnetwork",
            "module.vpc_network.module.vpc.google_compute_network.network",
            "module.vpc_network.module.vpc.google_compute_shared_vpc_host_project.shared_vpc_host"
          ],
          "create_before_destroy": true
        },
        {
          "deposed": "a3190dd2",
          "schema_version": 0,
          "attributes": {
            "account_id": "production-ch-19-svc-103evgz5",
            "description": "",
            "display_name": "production-ch-19-GCP-service-account",
            "email": "production-ch-19-svc-103evgz5@excelra-rnd-gsk-otg-2024.iam.gserviceaccount.com",
            "id": "projects/excelra-rnd-gsk-otg-2024/serviceAccounts/production-ch-19-svc-103evgz5@excelra-rnd-gsk-otg-2024.iam.gserviceaccount.com",
            "name": "projects/excelra-rnd-gsk-otg-2024/serviceAccounts/production-ch-19-svc-103evgz5@excelra-rnd-gsk-otg-2024.iam.gserviceaccount.com",
            "project": "excelra-rnd-gsk-otg-2024",
            "timeouts": null,
            "unique_id": "116120812404277345632"
          },
          "sensitive_attributes": [],
          "private": "eyJlMmJmYjczMC1lY2FhLTExZTYtOGY4OC0zNDM2M2JjN2M0YzAiOnsiY3JlYXRlIjozMDAwMDAwMDAwMDB9fQ==",
          "dependencies": [
            "module.backend_clickhouse.random_string.random_ch_vm",
            "module.vpc_network.module.firewall_rules.google_compute_firewall.rules",
            "module.vpc_network.module.routes.google_compute_route.route",
            "module.vpc_network.module.subnets.google_compute_subnetwork.subnetwork",
            "module.vpc_network.module.vpc.google_compute_network.network",
            "module.vpc_network.module.vpc.google_compute_shared_vpc_host_project.shared_vpc_host"
          ],
          "create_before_destroy": true
        },
        {
          "deposed": "f5cce558",
          "schema_version": 0,
          "attributes": {
            "account_id": "production-ch-19-svc-pnhe5lkq",
            "description": "",
            "display_name": "production-ch-19-GCP-service-account",
            "email": "production-ch-19-svc-pnhe5lkq@excelra-rnd-gsk-otg-2024.iam.gserviceaccount.com",
            "id": "projects/excelra-rnd-gsk-otg-2024/serviceAccounts/production-ch-19-svc-pnhe5lkq@excelra-rnd-gsk-otg-2024.iam.gserviceaccount.com",
            "name": "projects/excelra-rnd-gsk-otg-2024/serviceAccounts/production-ch-19-svc-pnhe5lkq@excelra-rnd-gsk-otg-2024.iam.gserviceaccount.com",
            "project": "excelra-rnd-gsk-otg-2024",
            "timeouts": null,
            "unique_id": "102946353335276959769"
          },
          "sensitive_attributes": [],
          "private": "eyJlMmJmYjczMC1lY2FhLTExZTYtOGY4OC0zNDM2M2JjN2M0YzAiOnsiY3JlYXRlIjozMDAwMDAwMDAwMDB9fQ==",
          "dependencies": [
            "module.backend_clickhouse.random_string.random_ch_vm",
            "module.vpc_network.module.firewall_rules.google_compute_firewall.rules",
            "module.vpc_network.module.routes.google_compute_route.route",
            "module.vpc_network.module.subnets.google_compute_subnetwork.subnetwork",
            "module.vpc_network.module.vpc.google_compute_network.network",
            "module.vpc_network.module.vpc.google_compute_shared_vpc_host_project.shared_vpc_host"
          ],
          "create_before_destroy": true
        }
      ]
    },
    {
      "module": "module.backend_clickhouse[0]",
      "mode": "managed",
      "type": "random_string",
      "name": "random_ch_vm",
      "provider": "provider[\"registry.terraform.io/hashicorp/random\"]",
      "instances": [
        {
          "schema_version": 2,
          "attributes": {
            "id": "lks48ein",
            "keepers": {
              "clickhouse_disk": "excelra-rnd-gsk-otg-2024/clickhouse-instance",
              "clickhouse_disk_name": "clickhouse-instance",
              "clickhouse_template_machine_type": "custom-2-100000",
              "clickhouse_template_source_image": "gcr.io/excelra-rnd-gsk-otg-2024/clickhouse/clickhouse-server:v1/clickhouse-server",
              "clickhouse_template_tags": "clickhousenode",
              "vm_flag_preemptible": "false",
              "vm_startup_script": "e3078bedc06fe8a5a70f6eca2cf6a85e"
            },
            "length": 8,
            "lower": true,
            "min_lower": 0,
            "min_numeric": 0,
            "min_special": 0,
            "min_upper": 0,
            "number": true,
            "numeric": true,
            "override_special": null,
            "result": "lks48ein",
            "special": false,
            "upper": false
          },
          "sensitive_attributes": [],
          "dependencies": [
            "module.vpc_network.module.firewall_rules.google_compute_firewall.rules",
            "module.vpc_network.module.routes.google_compute_route.route",
            "module.vpc_network.module.subnets.google_compute_subnetwork.subnetwork",
            "module.vpc_network.module.vpc.google_compute_network.network",
            "module.vpc_network.module.vpc.google_compute_shared_vpc_host_project.shared_vpc_host"
          ],
          "create_before_destroy": true
        },
        {
          "deposed": "04a11a49",
          "schema_version": 2,
          "attributes": {
            "id": "pnhe5lkq",
            "keepers": {
              "clickhouse_disk": "excelra-rnd-gsk-otg-2024/clickhouse-instance",
              "clickhouse_disk_name": "clickhouse-instance",
              "clickhouse_template_machine_type": "custom-2-100000",
              "clickhouse_template_source_image": "gcr.io/excelra-rnd-gsk-otg-2024/clickhouse-server:v1",
              "clickhouse_template_tags": "clickhousenode",
              "vm_flag_preemptible": "false",
              "vm_startup_script": "90dbd5b282fe11277981b6602d4c8de6"
            },
            "length": 8,
            "lower": true,
            "min_lower": 0,
            "min_numeric": 0,
            "min_special": 0,
            "min_upper": 0,
            "number": true,
            "numeric": true,
            "override_special": null,
            "result": "pnhe5lkq",
            "special": false,
            "upper": false
          },
          "sensitive_attributes": [],
          "dependencies": [
            "module.vpc_network.module.firewall_rules.google_compute_firewall.rules",
            "module.vpc_network.module.routes.google_compute_route.route",
            "module.vpc_network.module.subnets.google_compute_subnetwork.subnetwork",
            "module.vpc_network.module.vpc.google_compute_network.network",
            "module.vpc_network.module.vpc.google_compute_shared_vpc_host_project.shared_vpc_host"
          ],
          "create_before_destroy": true
        },
        {
          "deposed": "233adaa1",
          "schema_version": 2,
          "attributes": {
            "id": "103evgz5",
            "keepers": {
              "clickhouse_disk": "excelra-rnd-gsk-otg-2024/clickhouse-instance",
              "clickhouse_disk_name": "clickhouse-instance",
              "clickhouse_template_machine_type": "custom-2-100000",
              "clickhouse_template_source_image": "gcr.io/excelra-rnd-gsk-otg-2024/clickhouse/clickhouse-server:v1/clickhouse-server",
              "clickhouse_template_tags": "clickhousenode",
              "vm_flag_preemptible": "false",
              "vm_startup_script": "90dbd5b282fe11277981b6602d4c8de6"
            },
            "length": 8,
            "lower": true,
            "min_lower": 0,
            "min_numeric": 0,
            "min_special": 0,
            "min_upper": 0,
            "number": true,
            "numeric": true,
            "override_special": null,
            "result": "103evgz5",
            "special": false,
            "upper": false
          },
          "sensitive_attributes": [],
          "dependencies": [
            "module.vpc_network.module.firewall_rules.google_compute_firewall.rules",
            "module.vpc_network.module.routes.google_compute_route.route",
            "module.vpc_network.module.subnets.google_compute_subnetwork.subnetwork",
            "module.vpc_network.module.vpc.google_compute_network.network",
            "module.vpc_network.module.vpc.google_compute_shared_vpc_host_project.shared_vpc_host"
          ],
          "create_before_destroy": true
        },
        {
          "deposed": "eaf735c6",
          "schema_version": 2,
          "attributes": {
            "id": "8zbhz9uw",
            "keepers": {
              "clickhouse_disk": "open-targets-genetics-dev/ch-disk-jldgdj65-image-v2",
              "clickhouse_disk_name": "ch-disk-jldgdj65-image-v2",
              "clickhouse_template_machine_type": "custom-2-100000",
              "clickhouse_template_source_image": "cos-cloud/cos-stable",
              "clickhouse_template_tags": "clickhousenode",
              "vm_flag_preemptible": "false",
              "vm_startup_script": "90dbd5b282fe11277981b6602d4c8de6"
            },
            "length": 8,
            "lower": true,
            "min_lower": 0,
            "min_numeric": 0,
            "min_special": 0,
            "min_upper": 0,
            "number": true,
            "numeric": true,
            "override_special": null,
            "result": "8zbhz9uw",
            "special": false,
            "upper": false
          },
          "sensitive_attributes": [],
          "dependencies": [
            "module.vpc_network.module.firewall_rules.google_compute_firewall.rules",
            "module.vpc_network.module.routes.google_compute_route.route",
            "module.vpc_network.module.subnets.google_compute_subnetwork.subnetwork",
            "module.vpc_network.module.vpc.google_compute_network.network",
            "module.vpc_network.module.vpc.google_compute_shared_vpc_host_project.shared_vpc_host"
          ],
          "create_before_destroy": true
        }
      ]
    },
    {
      "module": "module.backend_clickhouse[0].module.firewall_rules",
      "mode": "managed",
      "type": "google_compute_firewall",
      "name": "rules",
      "provider": "provider[\"registry.terraform.io/hashicorp/google\"]",
      "instances": [
        {
          "index_key": "production-vpc-us-east1-allow-clickhouse-healthchecks",
          "schema_version": 1,
          "attributes": {
            "allow": [
              {
                "ports": [
                  "8123"
                ],
                "protocol": "tcp"
              }
            ],
            "creation_timestamp": "2024-06-20T08:06:38.854-07:00",
            "deny": [],
            "description": "Firewall rule for allowing Health Checks traffic to Clickhouse Nodes",
            "destination_ranges": [],
            "direction": "INGRESS",
            "disabled": false,
            "enable_logging": null,
            "id": "projects/excelra-rnd-gsk-otg-2024/global/firewalls/production-vpc-us-east1-allow-clickhouse-healthchecks",
            "log_config": [],
            "name": "production-vpc-us-east1-allow-clickhouse-healthchecks",
            "network": "https://www.googleapis.com/compute/v1/projects/excelra-rnd-gsk-otg-2024/global/networks/production-vpc",
            "priority": 1000,
            "project": "excelra-rnd-gsk-otg-2024",
            "self_link": "https://www.googleapis.com/compute/v1/projects/excelra-rnd-gsk-otg-2024/global/firewalls/production-vpc-us-east1-allow-clickhouse-healthchecks",
            "source_ranges": [
              "10.19.0.0/20",
              "130.211.0.0/22",
              "35.191.0.0/16"
            ],
            "source_service_accounts": [],
            "source_tags": [],
            "target_service_accounts": [],
            "target_tags": [
              "clickhousenode"
            ],
            "timeouts": null
          },
          "sensitive_attributes": [],
          "private": "eyJlMmJmYjczMC1lY2FhLTExZTYtOGY4OC0zNDM2M2JjN2M0YzAiOnsiY3JlYXRlIjoyNDAwMDAwMDAwMDAsImRlbGV0ZSI6MjQwMDAwMDAwMDAwLCJ1cGRhdGUiOjI0MDAwMDAwMDAwMH0sInNjaGVtYV92ZXJzaW9uIjoiMSJ9",
          "dependencies": [
            "module.vpc_network.module.firewall_rules.google_compute_firewall.rules",
            "module.vpc_network.module.routes.google_compute_route.route",
            "module.vpc_network.module.subnets.google_compute_subnetwork.subnetwork",
            "module.vpc_network.module.vpc.google_compute_network.network",
            "module.vpc_network.module.vpc.google_compute_shared_vpc_host_project.shared_vpc_host"
          ],
          "create_before_destroy": true
        },
        {
          "index_key": "production-vpc-us-east1-allow-clickhouse-requests",
          "schema_version": 1,
          "attributes": {
            "allow": [
              {
                "ports": [
                  "8123",
                  "9000"
                ],
                "protocol": "tcp"
              }
            ],
            "creation_timestamp": "2024-06-20T08:06:38.863-07:00",
            "deny": [],
            "description": "Allow Clickhouse INBOUND requests traffic",
            "destination_ranges": [],
            "direction": "INGRESS",
            "disabled": false,
            "enable_logging": null,
            "id": "projects/excelra-rnd-gsk-otg-2024/global/firewalls/production-vpc-us-east1-allow-clickhouse-requests",
            "log_config": [],
            "name": "production-vpc-us-east1-allow-clickhouse-requests",
            "network": "https://www.googleapis.com/compute/v1/projects/excelra-rnd-gsk-otg-2024/global/networks/production-vpc",
            "priority": 1000,
            "project": "excelra-rnd-gsk-otg-2024",
            "self_link": "https://www.googleapis.com/compute/v1/projects/excelra-rnd-gsk-otg-2024/global/firewalls/production-vpc-us-east1-allow-clickhouse-requests",
            "source_ranges": [
              "10.19.0.0/20"
            ],
            "source_service_accounts": [],
            "source_tags": [],
            "target_service_accounts": [],
            "target_tags": [
              "clickhousenode"
            ],
            "timeouts": null
          },
          "sensitive_attributes": [],
          "private": "eyJlMmJmYjczMC1lY2FhLTExZTYtOGY4OC0zNDM2M2JjN2M0YzAiOnsiY3JlYXRlIjoyNDAwMDAwMDAwMDAsImRlbGV0ZSI6MjQwMDAwMDAwMDAwLCJ1cGRhdGUiOjI0MDAwMDAwMDAwMH0sInNjaGVtYV92ZXJzaW9uIjoiMSJ9",
          "dependencies": [
            "module.vpc_network.module.firewall_rules.google_compute_firewall.rules",
            "module.vpc_network.module.routes.google_compute_route.route",
            "module.vpc_network.module.subnets.google_compute_subnetwork.subnetwork",
            "module.vpc_network.module.vpc.google_compute_network.network",
            "module.vpc_network.module.vpc.google_compute_shared_vpc_host_project.shared_vpc_host"
          ],
          "create_before_destroy": true
        }
      ]
    },
    {
      "module": "module.backend_clickhouse[0].module.firewall_rules",
      "mode": "managed",
      "type": "google_compute_firewall",
      "name": "rules_ingress_egress",
      "provider": "provider[\"registry.terraform.io/hashicorp/google\"]",
      "instances": []
    },
    {
      "module": "module.backend_elastic_search[0]",
      "mode": "data",
      "type": "google_compute_zones",
      "name": "gcp_available_zones",
      "provider": "provider[\"registry.terraform.io/hashicorp/google\"]",
      "instances": [
        {
          "schema_version": 0,
          "attributes": {
            "id": "projects/excelra-rnd-gsk-otg-2024/regions/us-east1",
            "names": [
              "us-east1-b",
              "us-east1-c",
              "us-east1-d"
            ],
            "project": "excelra-rnd-gsk-otg-2024",
            "region": "us-east1",
            "status": null
          },
          "sensitive_attributes": []
        }
      ]
    },
    {
      "module": "module.backend_elastic_search[0]",
      "mode": "managed",
      "type": "google_compute_health_check",
      "name": "elastic_search_healthcheck",
      "provider": "provider[\"registry.terraform.io/hashicorp/google\"]",
      "instances": [
        {
          "schema_version": 0,
          "attributes": {
            "check_interval_sec": 5,
            "creation_timestamp": "2024-06-20T08:06:34.613-07:00",
            "description": "",
            "grpc_health_check": [],
            "healthy_threshold": 2,
            "http2_health_check": [],
            "http_health_check": [],
            "https_health_check": [],
            "id": "projects/excelra-rnd-gsk-otg-2024/global/healthChecks/production-es-19-elastic-search-healthcheck",
            "name": "production-es-19-elastic-search-healthcheck",
            "project": "excelra-rnd-gsk-otg-2024",
            "self_link": "https://www.googleapis.com/compute/v1/projects/excelra-rnd-gsk-otg-2024/global/healthChecks/production-es-19-elastic-search-healthcheck",
            "ssl_health_check": [],
            "tcp_health_check": [
              {
                "port": 9200,
                "port_name": "",
                "port_specification": "",
                "proxy_header": "NONE",
                "request": "",
                "response": ""
              }
            ],
            "timeout_sec": 5,
            "timeouts": null,
            "type": "TCP",
            "unhealthy_threshold": 10
          },
          "sensitive_attributes": [],
          "private": "eyJlMmJmYjczMC1lY2FhLTExZTYtOGY4OC0zNDM2M2JjN2M0YzAiOnsiY3JlYXRlIjoyNDAwMDAwMDAwMDAsImRlbGV0ZSI6MjQwMDAwMDAwMDAwLCJ1cGRhdGUiOjI0MDAwMDAwMDAwMH19",
          "dependencies": [
            "module.vpc_network.module.firewall_rules.google_compute_firewall.rules",
            "module.vpc_network.module.routes.google_compute_route.route",
            "module.vpc_network.module.subnets.google_compute_subnetwork.subnetwork",
            "module.vpc_network.module.vpc.google_compute_network.network",
            "module.vpc_network.module.vpc.google_compute_shared_vpc_host_project.shared_vpc_host"
          ],
          "create_before_destroy": true
        }
      ]
    },
    {
      "module": "module.backend_elastic_search[0]",
      "mode": "managed",
      "type": "google_compute_region_health_check",
      "name": "ilb_backend_healthcheck",
      "provider": "provider[\"registry.terraform.io/hashicorp/google\"]",
      "instances": [
        {
          "schema_version": 0,
          "attributes": {
            "check_interval_sec": 5,
            "creation_timestamp": "2024-06-20T08:06:26.188-07:00",
            "description": "",
            "grpc_health_check": [],
            "healthy_threshold": 2,
            "http2_health_check": [],
            "http_health_check": [],
            "https_health_check": [],
            "id": "projects/excelra-rnd-gsk-otg-2024/regions/us-east1/healthChecks/production-es-19-ilb-backend-healthcheck",
            "name": "production-es-19-ilb-backend-healthcheck",
            "project": "excelra-rnd-gsk-otg-2024",
            "region": "us-east1",
            "self_link": "https://www.googleapis.com/compute/v1/projects/excelra-rnd-gsk-otg-2024/regions/us-east1/healthChecks/production-es-19-ilb-backend-healthcheck",
            "ssl_health_check": [],
            "tcp_health_check": [
              {
                "port": 9200,
                "port_name": "",
                "port_specification": "",
                "proxy_header": "NONE",
                "request": "",
                "response": ""
              }
            ],
            "timeout_sec": 5,
            "timeouts": null,
            "type": "TCP",
            "unhealthy_threshold": 2
          },
          "sensitive_attributes": [],
          "private": "eyJlMmJmYjczMC1lY2FhLTExZTYtOGY4OC0zNDM2M2JjN2M0YzAiOnsiY3JlYXRlIjoyNDAwMDAwMDAwMDAsImRlbGV0ZSI6MjQwMDAwMDAwMDAwLCJ1cGRhdGUiOjI0MDAwMDAwMDAwMH19",
          "dependencies": [
            "module.vpc_network.module.firewall_rules.google_compute_firewall.rules",
            "module.vpc_network.module.routes.google_compute_route.route",
            "module.vpc_network.module.subnets.google_compute_subnetwork.subnetwork",
            "module.vpc_network.module.vpc.google_compute_network.network",
            "module.vpc_network.module.vpc.google_compute_shared_vpc_host_project.shared_vpc_host"
          ],
          "create_before_destroy": true
        }
      ]
    },
    {
      "module": "module.backend_elastic_search[0]",
      "mode": "managed",
      "type": "google_project_iam_member",
      "name": "logging-writer",
      "provider": "provider[\"registry.terraform.io/hashicorp/google\"]",
      "instances": [
        {
          "schema_version": 0,
          "attributes": {
            "condition": [],
            "etag": "BwYboDw+W8Q=",
            "id": "excelra-rnd-gsk-otg-2024/roles/logging.logWriter/serviceAccount:production-es-19-svc@excelra-rnd-gsk-otg-2024.iam.gserviceaccount.com",
            "member": "serviceAccount:production-es-19-svc@excelra-rnd-gsk-otg-2024.iam.gserviceaccount.com",
            "project": "excelra-rnd-gsk-otg-2024",
            "role": "roles/logging.logWriter"
          },
          "sensitive_attributes": [],
          "private": "bnVsbA==",
          "dependencies": [
            "module.backend_elastic_search.google_service_account.gcp_service_acc_apis",
            "module.vpc_network.module.firewall_rules.google_compute_firewall.rules",
            "module.vpc_network.module.routes.google_compute_route.route",
            "module.vpc_network.module.subnets.google_compute_subnetwork.subnetwork",
            "module.vpc_network.module.vpc.google_compute_network.network",
            "module.vpc_network.module.vpc.google_compute_shared_vpc_host_project.shared_vpc_host"
          ],
          "create_before_destroy": true
        }
      ]
    },
    {
      "module": "module.backend_elastic_search[0]",
      "mode": "managed",
      "type": "google_project_iam_member",
      "name": "monitoring-writer",
      "provider": "provider[\"registry.terraform.io/hashicorp/google\"]",
      "instances": [
        {
          "schema_version": 0,
          "attributes": {
            "condition": [],
            "etag": "BwYboDw+W8Q=",
            "id": "excelra-rnd-gsk-otg-2024/roles/monitoring.metricWriter/serviceAccount:production-es-19-svc@excelra-rnd-gsk-otg-2024.iam.gserviceaccount.com",
            "member": "serviceAccount:production-es-19-svc@excelra-rnd-gsk-otg-2024.iam.gserviceaccount.com",
            "project": "excelra-rnd-gsk-otg-2024",
            "role": "roles/monitoring.metricWriter"
          },
          "sensitive_attributes": [],
          "private": "bnVsbA==",
          "dependencies": [
            "module.backend_elastic_search.google_service_account.gcp_service_acc_apis",
            "module.vpc_network.module.firewall_rules.google_compute_firewall.rules",
            "module.vpc_network.module.routes.google_compute_route.route",
            "module.vpc_network.module.subnets.google_compute_subnetwork.subnetwork",
            "module.vpc_network.module.vpc.google_compute_network.network",
            "module.vpc_network.module.vpc.google_compute_shared_vpc_host_project.shared_vpc_host"
          ],
          "create_before_destroy": true
        }
      ]
    },
    {
      "module": "module.backend_elastic_search[0]",
      "mode": "managed",
      "type": "google_service_account",
      "name": "gcp_service_acc_apis",
      "provider": "provider[\"registry.terraform.io/hashicorp/google\"]",
      "instances": [
        {
          "schema_version": 0,
          "attributes": {
            "account_id": "production-es-19-svc",
            "description": "",
            "display_name": "production-es-19-GCP-service-account",
            "email": "production-es-19-svc@excelra-rnd-gsk-otg-2024.iam.gserviceaccount.com",
            "id": "projects/excelra-rnd-gsk-otg-2024/serviceAccounts/production-es-19-svc@excelra-rnd-gsk-otg-2024.iam.gserviceaccount.com",
            "name": "projects/excelra-rnd-gsk-otg-2024/serviceAccounts/production-es-19-svc@excelra-rnd-gsk-otg-2024.iam.gserviceaccount.com",
            "project": "excelra-rnd-gsk-otg-2024",
            "timeouts": null,
            "unique_id": "113243831870931740867"
          },
          "sensitive_attributes": [],
          "private": "eyJlMmJmYjczMC1lY2FhLTExZTYtOGY4OC0zNDM2M2JjN2M0YzAiOnsiY3JlYXRlIjozMDAwMDAwMDAwMDB9fQ==",
          "dependencies": [
            "module.vpc_network.module.firewall_rules.google_compute_firewall.rules",
            "module.vpc_network.module.routes.google_compute_route.route",
            "module.vpc_network.module.subnets.google_compute_subnetwork.subnetwork",
            "module.vpc_network.module.vpc.google_compute_network.network",
            "module.vpc_network.module.vpc.google_compute_shared_vpc_host_project.shared_vpc_host"
          ],
          "create_before_destroy": true
        }
      ]
    },
    {
      "module": "module.backend_elastic_search[0]",
      "mode": "managed",
      "type": "random_string",
      "name": "random_es_vm",
      "provider": "provider[\"registry.terraform.io/hashicorp/random\"]",
      "instances": [
        {
          "schema_version": 2,
          "attributes": {
            "id": "fseeomvg",
            "keepers": {
              "elastic_search_disk": "open-targets-genetics-dev/es-disk-30eqaqyw-image",
              "elastic_search_disk_name": "es-disk-30eqaqyw-image",
              "elastic_search_template_machine_type": "custom-2-13000",
              "elastic_search_template_source_image": "cos-cloud/cos-stable",
              "elastic_search_template_tags": "elasticsearchcommselasticsearchrequests",
              "vm_elastic_search_version": "7.9.0",
              "vm_flag_preemptible": "false",
              "vm_startup_script": "1f0b5ae8a31e6810f3d1bb828d8a464a"
            },
            "length": 8,
            "lower": true,
            "min_lower": 0,
            "min_numeric": 0,
            "min_special": 0,
            "min_upper": 0,
            "number": true,
            "numeric": true,
            "override_special": null,
            "result": "fseeomvg",
            "special": false,
            "upper": false
          },
          "sensitive_attributes": [],
          "dependencies": [
            "module.vpc_network.module.firewall_rules.google_compute_firewall.rules",
            "module.vpc_network.module.routes.google_compute_route.route",
            "module.vpc_network.module.subnets.google_compute_subnetwork.subnetwork",
            "module.vpc_network.module.vpc.google_compute_network.network",
            "module.vpc_network.module.vpc.google_compute_shared_vpc_host_project.shared_vpc_host"
          ],
          "create_before_destroy": true
        }
      ]
    },
    {
      "module": "module.backend_elastic_search[0].module.firewall_rules",
      "mode": "managed",
      "type": "google_compute_firewall",
      "name": "rules",
      "provider": "provider[\"registry.terraform.io/hashicorp/google\"]",
      "instances": [
        {
          "index_key": "production-vpc-us-east1-allow-elasticsearch-comms",
          "schema_version": 1,
          "attributes": {
            "allow": [
              {
                "ports": [
                  "9300"
                ],
                "protocol": "tcp"
              }
            ],
            "creation_timestamp": "2024-06-20T08:06:38.678-07:00",
            "deny": [],
            "description": "Allow Elastic Search inter-nodes communications traffic",
            "destination_ranges": [],
            "direction": "INGRESS",
            "disabled": false,
            "enable_logging": null,
            "id": "projects/excelra-rnd-gsk-otg-2024/global/firewalls/production-vpc-us-east1-allow-elasticsearch-comms",
            "log_config": [],
            "name": "production-vpc-us-east1-allow-elasticsearch-comms",
            "network": "https://www.googleapis.com/compute/v1/projects/excelra-rnd-gsk-otg-2024/global/networks/production-vpc",
            "priority": 1000,
            "project": "excelra-rnd-gsk-otg-2024",
            "self_link": "https://www.googleapis.com/compute/v1/projects/excelra-rnd-gsk-otg-2024/global/firewalls/production-vpc-us-east1-allow-elasticsearch-comms",
            "source_ranges": [
              "10.19.0.0/20"
            ],
            "source_service_accounts": [],
            "source_tags": [],
            "target_service_accounts": [],
            "target_tags": [
              "elasticsearchcomms"
            ],
            "timeouts": null
          },
          "sensitive_attributes": [],
          "private": "eyJlMmJmYjczMC1lY2FhLTExZTYtOGY4OC0zNDM2M2JjN2M0YzAiOnsiY3JlYXRlIjoyNDAwMDAwMDAwMDAsImRlbGV0ZSI6MjQwMDAwMDAwMDAwLCJ1cGRhdGUiOjI0MDAwMDAwMDAwMH0sInNjaGVtYV92ZXJzaW9uIjoiMSJ9",
          "dependencies": [
            "module.vpc_network.module.firewall_rules.google_compute_firewall.rules",
            "module.vpc_network.module.routes.google_compute_route.route",
            "module.vpc_network.module.subnets.google_compute_subnetwork.subnetwork",
            "module.vpc_network.module.vpc.google_compute_network.network",
            "module.vpc_network.module.vpc.google_compute_shared_vpc_host_project.shared_vpc_host"
          ],
          "create_before_destroy": true
        },
        {
          "index_key": "production-vpc-us-east1-allow-elasticsearch-healthchecks",
          "schema_version": 1,
          "attributes": {
            "allow": [
              {
                "ports": [
                  "9200"
                ],
                "protocol": "tcp"
              }
            ],
            "creation_timestamp": "2024-06-20T08:06:38.837-07:00",
            "deny": [],
            "description": "Firewall rule for allowing Health Checks traffic to Elastic Search Nodes",
            "destination_ranges": [],
            "direction": "INGRESS",
            "disabled": false,
            "enable_logging": null,
            "id": "projects/excelra-rnd-gsk-otg-2024/global/firewalls/production-vpc-us-east1-allow-elasticsearch-healthchecks",
            "log_config": [],
            "name": "production-vpc-us-east1-allow-elasticsearch-healthchecks",
            "network": "https://www.googleapis.com/compute/v1/projects/excelra-rnd-gsk-otg-2024/global/networks/production-vpc",
            "priority": 1000,
            "project": "excelra-rnd-gsk-otg-2024",
            "self_link": "https://www.googleapis.com/compute/v1/projects/excelra-rnd-gsk-otg-2024/global/firewalls/production-vpc-us-east1-allow-elasticsearch-healthchecks",
            "source_ranges": [
              "10.19.0.0/20",
              "130.211.0.0/22",
              "35.191.0.0/16"
            ],
            "source_service_accounts": [],
            "source_tags": [],
            "target_service_accounts": [],
            "target_tags": [
              "elasticsearchrequests"
            ],
            "timeouts": null
          },
          "sensitive_attributes": [],
          "private": "eyJlMmJmYjczMC1lY2FhLTExZTYtOGY4OC0zNDM2M2JjN2M0YzAiOnsiY3JlYXRlIjoyNDAwMDAwMDAwMDAsImRlbGV0ZSI6MjQwMDAwMDAwMDAwLCJ1cGRhdGUiOjI0MDAwMDAwMDAwMH0sInNjaGVtYV92ZXJzaW9uIjoiMSJ9",
          "dependencies": [
            "module.vpc_network.module.firewall_rules.google_compute_firewall.rules",
            "module.vpc_network.module.routes.google_compute_route.route",
            "module.vpc_network.module.subnets.google_compute_subnetwork.subnetwork",
            "module.vpc_network.module.vpc.google_compute_network.network",
            "module.vpc_network.module.vpc.google_compute_shared_vpc_host_project.shared_vpc_host"
          ],
          "create_before_destroy": true
        },
        {
          "index_key": "production-vpc-us-east1-allow-elasticsearch-requests",
          "schema_version": 1,
          "attributes": {
            "allow": [
              {
                "ports": [
                  "9200"
                ],
                "protocol": "tcp"
              }
            ],
            "creation_timestamp": "2024-06-20T08:06:38.899-07:00",
            "deny": [],
            "description": "Allow Elastic Search INBOUND requests traffic",
            "destination_ranges": [],
            "direction": "INGRESS",
            "disabled": false,
            "enable_logging": null,
            "id": "projects/excelra-rnd-gsk-otg-2024/global/firewalls/production-vpc-us-east1-allow-elasticsearch-requests",
            "log_config": [],
            "name": "production-vpc-us-east1-allow-elasticsearch-requests",
            "network": "https://www.googleapis.com/compute/v1/projects/excelra-rnd-gsk-otg-2024/global/networks/production-vpc",
            "priority": 1000,
            "project": "excelra-rnd-gsk-otg-2024",
            "self_link": "https://www.googleapis.com/compute/v1/projects/excelra-rnd-gsk-otg-2024/global/firewalls/production-vpc-us-east1-allow-elasticsearch-requests",
            "source_ranges": [
              "10.19.0.0/20"
            ],
            "source_service_accounts": [],
            "source_tags": [],
            "target_service_accounts": [],
            "target_tags": [
              "elasticsearchrequests"
            ],
            "timeouts": null
          },
          "sensitive_attributes": [],
          "private": "eyJlMmJmYjczMC1lY2FhLTExZTYtOGY4OC0zNDM2M2JjN2M0YzAiOnsiY3JlYXRlIjoyNDAwMDAwMDAwMDAsImRlbGV0ZSI6MjQwMDAwMDAwMDAwLCJ1cGRhdGUiOjI0MDAwMDAwMDAwMH0sInNjaGVtYV92ZXJzaW9uIjoiMSJ9",
          "dependencies": [
            "module.vpc_network.module.firewall_rules.google_compute_firewall.rules",
            "module.vpc_network.module.routes.google_compute_route.route",
            "module.vpc_network.module.subnets.google_compute_subnetwork.subnetwork",
            "module.vpc_network.module.vpc.google_compute_network.network",
            "module.vpc_network.module.vpc.google_compute_shared_vpc_host_project.shared_vpc_host"
          ],
          "create_before_destroy": true
        }
      ]
    },
    {
      "module": "module.backend_elastic_search[0].module.firewall_rules",
      "mode": "managed",
      "type": "google_compute_firewall",
      "name": "rules_ingress_egress",
      "provider": "provider[\"registry.terraform.io/hashicorp/google\"]",
      "instances": []
    },
    {
      "module": "module.cloud_router[0]",
      "mode": "managed",
      "type": "google_compute_router",
      "name": "router",
      "provider": "provider[\"registry.terraform.io/hashicorp/google\"]",
      "instances": [
        {
          "schema_version": 0,
          "attributes": {
            "bgp": [],
            "creation_timestamp": "2024-06-20T08:06:29.496-07:00",
            "description": "",
            "id": "projects/excelra-rnd-gsk-otg-2024/regions/us-east1/routers/production-router-0",
            "name": "production-router-0",
            "network": "https://www.googleapis.com/compute/v1/projects/excelra-rnd-gsk-otg-2024/global/networks/production-vpc",
            "project": "excelra-rnd-gsk-otg-2024",
            "region": "us-east1",
            "self_link": "https://www.googleapis.com/compute/v1/projects/excelra-rnd-gsk-otg-2024/regions/us-east1/routers/production-router-0",
            "timeouts": null
          },
          "sensitive_attributes": [],
          "private": "eyJlMmJmYjczMC1lY2FhLTExZTYtOGY4OC0zNDM2M2JjN2M0YzAiOnsiY3JlYXRlIjoyNDAwMDAwMDAwMDAsImRlbGV0ZSI6MjQwMDAwMDAwMDAwLCJ1cGRhdGUiOjI0MDAwMDAwMDAwMH19",
          "dependencies": [
            "module.vpc_network.module.firewall_rules.google_compute_firewall.rules",
            "module.vpc_network.module.routes.google_compute_route.route",
            "module.vpc_network.module.subnets.google_compute_subnetwork.subnetwork",
            "module.vpc_network.module.vpc.google_compute_network.network",
            "module.vpc_network.module.vpc.google_compute_shared_vpc_host_project.shared_vpc_host"
          ]
        }
      ]
    },
    {
      "module": "module.cloud_router[0]",
      "mode": "managed",
      "type": "google_compute_router_nat",
      "name": "nats",
      "provider": "provider[\"registry.terraform.io/hashicorp/google\"]",
      "instances": [
        {
          "index_key": "production-router-0-nat",
          "schema_version": 0,
          "attributes": {
            "drain_nat_ips": [],
            "enable_endpoint_independent_mapping": true,
            "icmp_idle_timeout_sec": 30,
            "id": "excelra-rnd-gsk-otg-2024/us-east1/production-router-0/production-router-0-nat",
            "log_config": [
              {
                "enable": true,
                "filter": "ALL"
              }
            ],
            "min_ports_per_vm": 0,
            "name": "production-router-0-nat",
            "nat_ip_allocate_option": "AUTO_ONLY",
            "nat_ips": [],
            "project": "excelra-rnd-gsk-otg-2024",
            "region": "us-east1",
            "router": "production-router-0",
            "source_subnetwork_ip_ranges_to_nat": "ALL_SUBNETWORKS_ALL_IP_RANGES",
            "subnetwork": [],
            "tcp_established_idle_timeout_sec": 1200,
            "tcp_transitory_idle_timeout_sec": 30,
            "timeouts": null,
            "udp_idle_timeout_sec": 30
          },
          "sensitive_attributes": [],
          "private": "eyJlMmJmYjczMC1lY2FhLTExZTYtOGY4OC0zNDM2M2JjN2M0YzAiOnsiY3JlYXRlIjo2MDAwMDAwMDAwMDAsImRlbGV0ZSI6NjAwMDAwMDAwMDAwLCJ1cGRhdGUiOjYwMDAwMDAwMDAwMH19",
          "dependencies": [
            "module.cloud_router.google_compute_router.router",
            "module.vpc_network.module.firewall_rules.google_compute_firewall.rules",
            "module.vpc_network.module.routes.google_compute_route.route",
            "module.vpc_network.module.subnets.google_compute_subnetwork.subnetwork",
            "module.vpc_network.module.vpc.google_compute_network.network",
            "module.vpc_network.module.vpc.google_compute_shared_vpc_host_project.shared_vpc_host"
          ]
        }
      ]
    },
    {
      "module": "module.firewall_rules",
      "mode": "managed",
      "type": "google_compute_firewall",
      "name": "rules",
      "provider": "provider[\"registry.terraform.io/hashicorp/google\"]",
      "instances": [
        {
          "index_key": "production-fw-allow-http-ingress",
          "schema_version": 1,
          "attributes": {
            "allow": [
              {
                "ports": [
                  "80",
                  "8080"
                ],
                "protocol": "tcp"
              }
            ],
            "creation_timestamp": "2024-06-20T08:06:26.158-07:00",
            "deny": [],
            "description": "Allow HTTP INBOUND traffic to nodes tagged accordingly",
            "destination_ranges": [],
            "direction": "INGRESS",
            "disabled": false,
            "enable_logging": null,
            "id": "projects/excelra-rnd-gsk-otg-2024/global/firewalls/production-fw-allow-http-ingress",
            "log_config": [],
            "name": "production-fw-allow-http-ingress",
            "network": "https://www.googleapis.com/compute/v1/projects/excelra-rnd-gsk-otg-2024/global/networks/production-vpc",
            "priority": 1000,
            "project": "excelra-rnd-gsk-otg-2024",
            "self_link": "https://www.googleapis.com/compute/v1/projects/excelra-rnd-gsk-otg-2024/global/firewalls/production-fw-allow-http-ingress",
            "source_ranges": [
              "0.0.0.0/0"
            ],
            "source_service_accounts": [],
            "source_tags": [],
            "target_service_accounts": [],
            "target_tags": [
              "http"
            ],
            "timeouts": null
          },
          "sensitive_attributes": [],
          "private": "eyJlMmJmYjczMC1lY2FhLTExZTYtOGY4OC0zNDM2M2JjN2M0YzAiOnsiY3JlYXRlIjoyNDAwMDAwMDAwMDAsImRlbGV0ZSI6MjQwMDAwMDAwMDAwLCJ1cGRhdGUiOjI0MDAwMDAwMDAwMH0sInNjaGVtYV92ZXJzaW9uIjoiMSJ9",
          "dependencies": [
            "module.vpc_network.module.firewall_rules.google_compute_firewall.rules",
            "module.vpc_network.module.routes.google_compute_route.route",
            "module.vpc_network.module.subnets.google_compute_subnetwork.subnetwork",
            "module.vpc_network.module.vpc.google_compute_network.network",
            "module.vpc_network.module.vpc.google_compute_shared_vpc_host_project.shared_vpc_host"
          ]
        },
        {
          "index_key": "production-fw-allow-https-ingress",
          "schema_version": 1,
          "attributes": {
            "allow": [
              {
                "ports": [
                  "443"
                ],
                "protocol": "tcp"
              }
            ],
            "creation_timestamp": "2024-06-20T08:06:26.212-07:00",
            "deny": [],
            "description": "Allow HTTPS INBOUND traffic to nodes tagged accordingly",
            "destination_ranges": [],
            "direction": "INGRESS",
            "disabled": false,
            "enable_logging": null,
            "id": "projects/excelra-rnd-gsk-otg-2024/global/firewalls/production-fw-allow-https-ingress",
            "log_config": [],
            "name": "production-fw-allow-https-ingress",
            "network": "https://www.googleapis.com/compute/v1/projects/excelra-rnd-gsk-otg-2024/global/networks/production-vpc",
            "priority": 1000,
            "project": "excelra-rnd-gsk-otg-2024",
            "self_link": "https://www.googleapis.com/compute/v1/projects/excelra-rnd-gsk-otg-2024/global/firewalls/production-fw-allow-https-ingress",
            "source_ranges": [
              "0.0.0.0/0"
            ],
            "source_service_accounts": [],
            "source_tags": [],
            "target_service_accounts": [],
            "target_tags": [
              "https"
            ],
            "timeouts": null
          },
          "sensitive_attributes": [],
          "private": "eyJlMmJmYjczMC1lY2FhLTExZTYtOGY4OC0zNDM2M2JjN2M0YzAiOnsiY3JlYXRlIjoyNDAwMDAwMDAwMDAsImRlbGV0ZSI6MjQwMDAwMDAwMDAwLCJ1cGRhdGUiOjI0MDAwMDAwMDAwMH0sInNjaGVtYV92ZXJzaW9uIjoiMSJ9",
          "dependencies": [
            "module.vpc_network.module.firewall_rules.google_compute_firewall.rules",
            "module.vpc_network.module.routes.google_compute_route.route",
            "module.vpc_network.module.subnets.google_compute_subnetwork.subnetwork",
            "module.vpc_network.module.vpc.google_compute_network.network",
            "module.vpc_network.module.vpc.google_compute_shared_vpc_host_project.shared_vpc_host"
          ]
        },
        {
          "index_key": "production-fw-allow-icmp-ingress",
          "schema_version": 1,
          "attributes": {
            "allow": [
              {
                "ports": [],
                "protocol": "icmp"
              }
            ],
            "creation_timestamp": "2024-06-20T08:06:26.073-07:00",
            "deny": [],
            "description": "Allow ICMP INBOUND traffic to nodes tagged accordingly",
            "destination_ranges": [],
            "direction": "INGRESS",
            "disabled": false,
            "enable_logging": null,
            "id": "projects/excelra-rnd-gsk-otg-2024/global/firewalls/production-fw-allow-icmp-ingress",
            "log_config": [],
            "name": "production-fw-allow-icmp-ingress",
            "network": "https://www.googleapis.com/compute/v1/projects/excelra-rnd-gsk-otg-2024/global/networks/production-vpc",
            "priority": 1000,
            "project": "excelra-rnd-gsk-otg-2024",
            "self_link": "https://www.googleapis.com/compute/v1/projects/excelra-rnd-gsk-otg-2024/global/firewalls/production-fw-allow-icmp-ingress",
            "source_ranges": [
              "0.0.0.0/0"
            ],
            "source_service_accounts": [],
            "source_tags": [],
            "target_service_accounts": [],
            "target_tags": [],
            "timeouts": null
          },
          "sensitive_attributes": [],
          "private": "eyJlMmJmYjczMC1lY2FhLTExZTYtOGY4OC0zNDM2M2JjN2M0YzAiOnsiY3JlYXRlIjoyNDAwMDAwMDAwMDAsImRlbGV0ZSI6MjQwMDAwMDAwMDAwLCJ1cGRhdGUiOjI0MDAwMDAwMDAwMH0sInNjaGVtYV92ZXJzaW9uIjoiMSJ9",
          "dependencies": [
            "module.vpc_network.module.firewall_rules.google_compute_firewall.rules",
            "module.vpc_network.module.routes.google_compute_route.route",
            "module.vpc_network.module.subnets.google_compute_subnetwork.subnetwork",
            "module.vpc_network.module.vpc.google_compute_network.network",
            "module.vpc_network.module.vpc.google_compute_shared_vpc_host_project.shared_vpc_host"
          ]
        },
        {
          "index_key": "production-fw-allow-ssh-ingress",
          "schema_version": 1,
          "attributes": {
            "allow": [
              {
                "ports": [
                  "22"
                ],
                "protocol": "tcp"
              }
            ],
            "creation_timestamp": "2024-06-20T08:06:26.039-07:00",
            "deny": [],
            "description": "Allow SSH INBOUND traffic to nodes tagged accordingly",
            "destination_ranges": [],
            "direction": "INGRESS",
            "disabled": false,
            "enable_logging": null,
            "id": "projects/excelra-rnd-gsk-otg-2024/global/firewalls/production-fw-allow-ssh-ingress",
            "log_config": [],
            "name": "production-fw-allow-ssh-ingress",
            "network": "https://www.googleapis.com/compute/v1/projects/excelra-rnd-gsk-otg-2024/global/networks/production-vpc",
            "priority": 1000,
            "project": "excelra-rnd-gsk-otg-2024",
            "self_link": "https://www.googleapis.com/compute/v1/projects/excelra-rnd-gsk-otg-2024/global/firewalls/production-fw-allow-ssh-ingress",
            "source_ranges": [
              "0.0.0.0/0"
            ],
            "source_service_accounts": [],
            "source_tags": [],
            "target_service_accounts": [],
            "target_tags": [
              "ssh"
            ],
            "timeouts": null
          },
          "sensitive_attributes": [],
          "private": "eyJlMmJmYjczMC1lY2FhLTExZTYtOGY4OC0zNDM2M2JjN2M0YzAiOnsiY3JlYXRlIjoyNDAwMDAwMDAwMDAsImRlbGV0ZSI6MjQwMDAwMDAwMDAwLCJ1cGRhdGUiOjI0MDAwMDAwMDAwMH0sInNjaGVtYV92ZXJzaW9uIjoiMSJ9",
          "dependencies": [
            "module.vpc_network.module.firewall_rules.google_compute_firewall.rules",
            "module.vpc_network.module.routes.google_compute_route.route",
            "module.vpc_network.module.subnets.google_compute_subnetwork.subnetwork",
            "module.vpc_network.module.vpc.google_compute_network.network",
            "module.vpc_network.module.vpc.google_compute_shared_vpc_host_project.shared_vpc_host"
          ]
        }
      ]
    },
    {
      "module": "module.vpc_network.module.routes",
      "mode": "managed",
      "type": "google_compute_route",
      "name": "route",
      "provider": "provider[\"registry.terraform.io/hashicorp/google\"]",
      "instances": []
    },
    {
      "module": "module.vpc_network.module.subnets",
      "mode": "managed",
      "type": "google_compute_subnetwork",
      "name": "subnetwork",
      "provider": "provider[\"registry.terraform.io/hashicorp/google\"]",
      "instances": [
        {
          "index_key": "us-east1/main-subnet",
          "schema_version": 0,
          "attributes": {
            "creation_timestamp": "2024-06-20T08:06:09.283-07:00",
            "description": "",
            "fingerprint": null,
            "gateway_address": "10.19.0.1",
            "id": "projects/excelra-rnd-gsk-otg-2024/regions/us-east1/subnetworks/main-subnet",
            "ip_cidr_range": "10.19.0.0/20",
            "log_config": [],
            "name": "main-subnet",
            "network": "https://www.googleapis.com/compute/v1/projects/excelra-rnd-gsk-otg-2024/global/networks/production-vpc",
            "private_ip_google_access": false,
            "private_ipv6_google_access": "DISABLE_GOOGLE_ACCESS",
            "project": "excelra-rnd-gsk-otg-2024",
            "region": "us-east1",
            "secondary_ip_range": [],
            "self_link": "https://www.googleapis.com/compute/v1/projects/excelra-rnd-gsk-otg-2024/regions/us-east1/subnetworks/main-subnet",
            "timeouts": null
          },
          "sensitive_attributes": [],
          "private": "eyJlMmJmYjczMC1lY2FhLTExZTYtOGY4OC0zNDM2M2JjN2M0YzAiOnsiY3JlYXRlIjozNjAwMDAwMDAwMDAsImRlbGV0ZSI6MzYwMDAwMDAwMDAwLCJ1cGRhdGUiOjM2MDAwMDAwMDAwMH19",
          "dependencies": [
            "module.vpc_network.module.vpc.google_compute_network.network"
          ],
          "create_before_destroy": true
        }
      ]
    },
    {
      "module": "module.vpc_network.module.vpc",
      "mode": "managed",
      "type": "google_compute_network",
      "name": "network",
      "provider": "provider[\"registry.terraform.io/hashicorp/google\"]",
      "instances": [
        {
          "schema_version": 0,
          "attributes": {
            "auto_create_subnetworks": false,
            "delete_default_routes_on_create": false,
            "description": "",
            "gateway_ipv4": "",
            "id": "projects/excelra-rnd-gsk-otg-2024/global/networks/production-vpc",
            "mtu": 0,
            "name": "production-vpc",
            "project": "excelra-rnd-gsk-otg-2024",
            "routing_mode": "REGIONAL",
            "self_link": "https://www.googleapis.com/compute/v1/projects/excelra-rnd-gsk-otg-2024/global/networks/production-vpc",
            "timeouts": null
          },
          "sensitive_attributes": [],
          "private": "eyJlMmJmYjczMC1lY2FhLTExZTYtOGY4OC0zNDM2M2JjN2M0YzAiOnsiY3JlYXRlIjoyNDAwMDAwMDAwMDAsImRlbGV0ZSI6MjQwMDAwMDAwMDAwLCJ1cGRhdGUiOjI0MDAwMDAwMDAwMH19",
          "create_before_destroy": true
        }
      ]
    },
    {
      "module": "module.vpc_network.module.vpc",
      "mode": "managed",
      "type": "google_compute_shared_vpc_host_project",
      "name": "shared_vpc_host",
      "provider": "provider[\"registry.terraform.io/hashicorp/google-beta\"]",
      "instances": []
    },
    {
      "module": "module.web_app",
      "mode": "data",
      "type": "google_compute_zones",
      "name": "gcp_available_zones",
      "provider": "provider[\"registry.terraform.io/hashicorp/google\"]",
      "instances": [
        {
          "index_key": 0,
          "schema_version": 0,
          "attributes": {
            "id": "projects/excelra-rnd-gsk-otg-2024/regions/asia-east1",
            "names": [
              "asia-east1-a",
              "asia-east1-b",
              "asia-east1-c"
            ],
            "project": "excelra-rnd-gsk-otg-2024",
            "region": "asia-east1",
            "status": null
          },
          "sensitive_attributes": []
        },
        {
          "index_key": 1,
          "schema_version": 0,
          "attributes": {
            "id": "projects/excelra-rnd-gsk-otg-2024/regions/asia-east2",
            "names": [
              "asia-east2-a",
              "asia-east2-b",
              "asia-east2-c"
            ],
            "project": "excelra-rnd-gsk-otg-2024",
            "region": "asia-east2",
            "status": null
          },
          "sensitive_attributes": []
        },
        {
          "index_key": 2,
          "schema_version": 0,
          "attributes": {
            "id": "projects/excelra-rnd-gsk-otg-2024/regions/asia-northeast1",
            "names": [
              "asia-northeast1-a",
              "asia-northeast1-b",
              "asia-northeast1-c"
            ],
            "project": "excelra-rnd-gsk-otg-2024",
            "region": "asia-northeast1",
            "status": null
          },
          "sensitive_attributes": []
        },
        {
          "index_key": 3,
          "schema_version": 0,
          "attributes": {
            "id": "projects/excelra-rnd-gsk-otg-2024/regions/asia-northeast2",
            "names": [
              "asia-northeast2-a",
              "asia-northeast2-b",
              "asia-northeast2-c"
            ],
            "project": "excelra-rnd-gsk-otg-2024",
            "region": "asia-northeast2",
            "status": null
          },
          "sensitive_attributes": []
        },
        {
          "index_key": 4,
          "schema_version": 0,
          "attributes": {
            "id": "projects/excelra-rnd-gsk-otg-2024/regions/asia-northeast3",
            "names": [
              "asia-northeast3-a",
              "asia-northeast3-b",
              "asia-northeast3-c"
            ],
            "project": "excelra-rnd-gsk-otg-2024",
            "region": "asia-northeast3",
            "status": null
          },
          "sensitive_attributes": []
        },
        {
          "index_key": 5,
          "schema_version": 0,
          "attributes": {
            "id": "projects/excelra-rnd-gsk-otg-2024/regions/asia-south1",
            "names": [
              "asia-south1-a",
              "asia-south1-b",
              "asia-south1-c"
            ],
            "project": "excelra-rnd-gsk-otg-2024",
            "region": "asia-south1",
            "status": null
          },
          "sensitive_attributes": []
        },
        {
          "index_key": 6,
          "schema_version": 0,
          "attributes": {
            "id": "projects/excelra-rnd-gsk-otg-2024/regions/asia-southeast1",
            "names": [
              "asia-southeast1-a",
              "asia-southeast1-b",
              "asia-southeast1-c"
            ],
            "project": "excelra-rnd-gsk-otg-2024",
            "region": "asia-southeast1",
            "status": null
          },
          "sensitive_attributes": []
        },
        {
          "index_key": 7,
          "schema_version": 0,
          "attributes": {
            "id": "projects/excelra-rnd-gsk-otg-2024/regions/asia-southeast2",
            "names": [
              "asia-southeast2-a",
              "asia-southeast2-b",
              "asia-southeast2-c"
            ],
            "project": "excelra-rnd-gsk-otg-2024",
            "region": "asia-southeast2",
            "status": null
          },
          "sensitive_attributes": []
        },
        {
          "index_key": 8,
          "schema_version": 0,
          "attributes": {
            "id": "projects/excelra-rnd-gsk-otg-2024/regions/australia-southeast1",
            "names": [
              "australia-southeast1-a",
              "australia-southeast1-b",
              "australia-southeast1-c"
            ],
            "project": "excelra-rnd-gsk-otg-2024",
            "region": "australia-southeast1",
            "status": null
          },
          "sensitive_attributes": []
        },
        {
          "index_key": 9,
          "schema_version": 0,
          "attributes": {
            "id": "projects/excelra-rnd-gsk-otg-2024/regions/europe-central2",
            "names": [
              "europe-central2-a",
              "europe-central2-b",
              "europe-central2-c"
            ],
            "project": "excelra-rnd-gsk-otg-2024",
            "region": "europe-central2",
            "status": null
          },
          "sensitive_attributes": []
        },
        {
          "index_key": 10,
          "schema_version": 0,
          "attributes": {
            "id": "projects/excelra-rnd-gsk-otg-2024/regions/europe-north1",
            "names": [
              "europe-north1-a",
              "europe-north1-b",
              "europe-north1-c"
            ],
            "project": "excelra-rnd-gsk-otg-2024",
            "region": "europe-north1",
            "status": null
          },
          "sensitive_attributes": []
        },
        {
          "index_key": 11,
          "schema_version": 0,
          "attributes": {
            "id": "projects/excelra-rnd-gsk-otg-2024/regions/europe-west1",
            "names": [
              "europe-west1-b",
              "europe-west1-c",
              "europe-west1-d"
            ],
            "project": "excelra-rnd-gsk-otg-2024",
            "region": "europe-west1",
            "status": null
          },
          "sensitive_attributes": []
        },
        {
          "index_key": 12,
          "schema_version": 0,
          "attributes": {
            "id": "projects/excelra-rnd-gsk-otg-2024/regions/europe-west2",
            "names": [
              "europe-west2-a",
              "europe-west2-b",
              "europe-west2-c"
            ],
            "project": "excelra-rnd-gsk-otg-2024",
            "region": "europe-west2",
            "status": null
          },
          "sensitive_attributes": []
        },
        {
          "index_key": 13,
          "schema_version": 0,
          "attributes": {
            "id": "projects/excelra-rnd-gsk-otg-2024/regions/europe-west3",
            "names": [
              "europe-west3-a",
              "europe-west3-b",
              "europe-west3-c"
            ],
            "project": "excelra-rnd-gsk-otg-2024",
            "region": "europe-west3",
            "status": null
          },
          "sensitive_attributes": []
        },
        {
          "index_key": 14,
          "schema_version": 0,
          "attributes": {
            "id": "projects/excelra-rnd-gsk-otg-2024/regions/europe-west4",
            "names": [
              "europe-west4-a",
              "europe-west4-b",
              "europe-west4-c"
            ],
            "project": "excelra-rnd-gsk-otg-2024",
            "region": "europe-west4",
            "status": null
          },
          "sensitive_attributes": []
        },
        {
          "index_key": 15,
          "schema_version": 0,
          "attributes": {
            "id": "projects/excelra-rnd-gsk-otg-2024/regions/europe-west6",
            "names": [
              "europe-west6-a",
              "europe-west6-b",
              "europe-west6-c"
            ],
            "project": "excelra-rnd-gsk-otg-2024",
            "region": "europe-west6",
            "status": null
          },
          "sensitive_attributes": []
        },
        {
          "index_key": 16,
          "schema_version": 0,
          "attributes": {
            "id": "projects/excelra-rnd-gsk-otg-2024/regions/northamerica-northeast1",
            "names": [
              "northamerica-northeast1-a",
              "northamerica-northeast1-b",
              "northamerica-northeast1-c"
            ],
            "project": "excelra-rnd-gsk-otg-2024",
            "region": "northamerica-northeast1",
            "status": null
          },
          "sensitive_attributes": []
        },
        {
          "index_key": 17,
          "schema_version": 0,
          "attributes": {
            "id": "projects/excelra-rnd-gsk-otg-2024/regions/southamerica-east1",
            "names": [
              "southamerica-east1-a",
              "southamerica-east1-b",
              "southamerica-east1-c"
            ],
            "project": "excelra-rnd-gsk-otg-2024",
            "region": "southamerica-east1",
            "status": null
          },
          "sensitive_attributes": []
        },
        {
          "index_key": 18,
          "schema_version": 0,
          "attributes": {
            "id": "projects/excelra-rnd-gsk-otg-2024/regions/us-central1",
            "names": [
              "us-central1-a",
              "us-central1-b",
              "us-central1-c",
              "us-central1-f"
            ],
            "project": "excelra-rnd-gsk-otg-2024",
            "region": "us-central1",
            "status": null
          },
          "sensitive_attributes": []
        },
        {
          "index_key": 19,
          "schema_version": 0,
          "attributes": {
            "id": "projects/excelra-rnd-gsk-otg-2024/regions/us-east1",
            "names": [
              "us-east1-b",
              "us-east1-c",
              "us-east1-d"
            ],
            "project": "excelra-rnd-gsk-otg-2024",
            "region": "us-east1",
            "status": null
          },
          "sensitive_attributes": []
        },
        {
          "index_key": 20,
          "schema_version": 0,
          "attributes": {
            "id": "projects/excelra-rnd-gsk-otg-2024/regions/us-east4",
            "names": [
              "us-east4-a",
              "us-east4-b",
              "us-east4-c"
            ],
            "project": "excelra-rnd-gsk-otg-2024",
            "region": "us-east4",
            "status": null
          },
          "sensitive_attributes": []
        },
        {
          "index_key": 21,
          "schema_version": 0,
          "attributes": {
            "id": "projects/excelra-rnd-gsk-otg-2024/regions/us-west1",
            "names": [
              "us-west1-a",
              "us-west1-b",
              "us-west1-c"
            ],
            "project": "excelra-rnd-gsk-otg-2024",
            "region": "us-west1",
            "status": null
          },
          "sensitive_attributes": []
        },
        {
          "index_key": 22,
          "schema_version": 0,
          "attributes": {
            "id": "projects/excelra-rnd-gsk-otg-2024/regions/us-west2",
            "names": [
              "us-west2-a",
              "us-west2-b",
              "us-west2-c"
            ],
            "project": "excelra-rnd-gsk-otg-2024",
            "region": "us-west2",
            "status": null
          },
          "sensitive_attributes": []
        },
        {
          "index_key": 23,
          "schema_version": 0,
          "attributes": {
            "id": "projects/excelra-rnd-gsk-otg-2024/regions/us-west3",
            "names": [
              "us-west3-a",
              "us-west3-b",
              "us-west3-c"
            ],
            "project": "excelra-rnd-gsk-otg-2024",
            "region": "us-west3",
            "status": null
          },
          "sensitive_attributes": []
        },
        {
          "index_key": 24,
          "schema_version": 0,
          "attributes": {
            "id": "projects/excelra-rnd-gsk-otg-2024/regions/us-west4",
            "names": [
              "us-west4-a",
              "us-west4-b",
              "us-west4-c"
            ],
            "project": "excelra-rnd-gsk-otg-2024",
            "region": "us-west4",
            "status": null
          },
          "sensitive_attributes": []
        }
      ]
    },
    {
      "module": "module.web_app",
      "mode": "managed",
      "type": "google_compute_health_check",
      "name": "webserver_healthcheck",
      "provider": "provider[\"registry.terraform.io/hashicorp/google\"]",
      "instances": [
        {
          "schema_version": 0,
          "attributes": {
            "check_interval_sec": 5,
            "creation_timestamp": "2024-06-20T08:06:25.967-07:00",
            "description": "",
            "grpc_health_check": [],
            "healthy_threshold": 2,
            "http2_health_check": [],
            "http_health_check": [],
            "https_health_check": [],
            "id": "projects/excelra-rnd-gsk-otg-2024/global/healthChecks/production-web-webserver-healthcheck",
            "name": "production-web-webserver-healthcheck",
            "project": "excelra-rnd-gsk-otg-2024",
            "self_link": "https://www.googleapis.com/compute/v1/projects/excelra-rnd-gsk-otg-2024/global/healthChecks/production-web-webserver-healthcheck",
            "ssl_health_check": [],
            "tcp_health_check": [
              {
                "port": 8080,
                "port_name": "",
                "port_specification": "",
                "proxy_header": "NONE",
                "request": "",
                "response": ""
              }
            ],
            "timeout_sec": 5,
            "timeouts": null,
            "type": "TCP",
            "unhealthy_threshold": 10
          },
          "sensitive_attributes": [],
          "private": "eyJlMmJmYjczMC1lY2FhLTExZTYtOGY4OC0zNDM2M2JjN2M0YzAiOnsiY3JlYXRlIjoyNDAwMDAwMDAwMDAsImRlbGV0ZSI6MjQwMDAwMDAwMDAwLCJ1cGRhdGUiOjI0MDAwMDAwMDAwMH19",
          "dependencies": [
            "module.vpc_network.module.firewall_rules.google_compute_firewall.rules",
            "module.vpc_network.module.routes.google_compute_route.route",
            "module.vpc_network.module.subnets.google_compute_subnetwork.subnetwork",
            "module.vpc_network.module.vpc.google_compute_network.network",
            "module.vpc_network.module.vpc.google_compute_shared_vpc_host_project.shared_vpc_host"
          ],
          "create_before_destroy": true
        }
      ]
    },
    {
      "module": "module.web_app",
      "mode": "managed",
      "type": "google_compute_instance_template",
      "name": "webserver_template",
      "provider": "provider[\"registry.terraform.io/hashicorp/google\"]",
      "instances": [
        {
          "index_key": 0,
          "schema_version": 1,
          "attributes": {
            "can_ip_forward": false,
            "confidential_instance_config": [],
            "description": "Open Targets Genetics Portal Web Server node template",
            "disk": [
              {
                "auto_delete": true,
                "boot": true,
                "device_name": "persistent-disk-0",
                "disk_encryption_key": [],
                "disk_name": "",
                "disk_size_gb": 0,
                "disk_type": "pd-ssd",
                "interface": "SCSI",
                "labels": {},
                "mode": "READ_WRITE",
                "resource_policies": [],
                "source": "",
                "source_image": "projects/cos-cloud/global/images/family/cos-stable",
                "type": "PERSISTENT"
              }
            ],
            "enable_display": null,
            "guest_accelerator": [],
            "id": "projects/excelra-rnd-gsk-otg-2024/global/instanceTemplates/production-web-webserver-template-d9766808-mo8qpuzs",
            "instance_description": "Open Targets Genetics Portal Web Server node, docker image version 1.21.3",
            "labels": null,
            "machine_type": "custom-1-13000",
            "metadata": {
              "google-logging-enabled": "true",
              "startup-script": "#!/bin/bash\r\n# Environment\r\nexport www_data_root=\"/var/www\"\r\nexport site_folder=\"${www_data_root}/site\"\r\nexport nginx_conf_folder=\"${www_data_root}/nginx/conf\"\r\n\r\n# Prepare\r\necho \"[DEVOPS] Prepare Web related folders\"\r\nmkdir -p ${site_folder}\r\necho \"[DEVOPS] Populate Web Root content from 'https://storage.googleapis.com/production-web-21-06-2-9obkl1kl/bundle-genetics.tgz' \"\r\ncd ${site_folder}/..\r\nwget --no-check-certificate https://storage.googleapis.com/production-web-21-06-2-9obkl1kl/bundle-genetics.tgz\r\ncd ${site_folder}\r\ntar xzvf ../bundle-genetics.tgz\r\necho \"[DEVOPS] Prepare Nginx configuration\"\r\nmkdir -p ${nginx_conf_folder}\r\ncat \u003e ${nginx_conf_folder}/default.conf \u003c\u003c'EOF'\r\nserver {\r\n    listen 8080;\r\n\r\n    server_name _;\r\n\r\n    brotli              on;\r\n    brotli_comp_level   11;\r\n    brotli_static       off;\r\n    brotli_types        application/atom+xml application/javascript application/json application/rss+xml application/vnd.ms-fontobject application/x-font-opentype application/x-font-truetype application/x-font-ttf application/x-javascript application/xhtml+xml application/xml font/eot font/opentype font/otf font/truetype image/svg+xml image/vnd.microsoft.icon image/x-icon image/x-win-bitmap text/css text/javascript text/plain text/xml;\r\n    \r\n    keepalive_timeout 650;\r\n    keepalive_requests 10000;\r\n\r\n    root /srv/site;\r\n    index index.html;\r\n\r\n    location / {\r\n        add_header 'Access-Control-Allow-Origin' '*';\r\n        add_header 'Access-Control-Allow-Methods' 'GET, POST, OPTIONS';\r\n        try_files $uri /index.html =404;\r\n    }\r\n\r\n    access_log /dev/stdout;\r\n    error_log /dev/stdout info;\r\n}\r\nEOF\r\necho \"[DEVOPS] Adjust file permissions\"\r\nfind ${www_data_root} -type d -exec chmod 755 \\{} \\;\r\nfind ${www_data_root} -type f -exec chmod 644 \\{} \\;\r\necho \"[START] Nginx web server launching\"\r\ndocker run -d \\\r\n    --log-driver=gcplogs \\\r\n    -p 8080:8080 \\\r\n    -v ${site_folder}:/srv/site \\\r\n    -v ${nginx_conf_folder}:/etc/nginx/conf.d \\\r\n    macbre/nginx-http3:1.21.3\r\n"
            },
            "metadata_fingerprint": "30WBosiWqww=",
            "metadata_startup_script": null,
            "min_cpu_platform": "",
            "name": "production-web-webserver-template-d9766808-mo8qpuzs",
            "name_prefix": null,
            "network_interface": [
              {
                "access_config": [],
                "alias_ip_range": [],
                "name": "nic0",
                "network": "https://www.googleapis.com/compute/v1/projects/excelra-rnd-gsk-otg-2024/global/networks/production-vpc",
                "network_ip": "",
                "nic_type": "",
                "subnetwork": "https://www.googleapis.com/compute/v1/projects/excelra-rnd-gsk-otg-2024/regions/us-east1/subnetworks/main-subnet",
                "subnetwork_project": "excelra-rnd-gsk-otg-2024"
              }
            ],
            "project": "excelra-rnd-gsk-otg-2024",
            "region": "us-east1",
            "scheduling": [
              {
                "automatic_restart": true,
                "min_node_cpus": 0,
                "node_affinities": [],
                "on_host_maintenance": "MIGRATE",
                "preemptible": false
              }
            ],
            "self_link": "https://www.googleapis.com/compute/beta/projects/excelra-rnd-gsk-otg-2024/global/instanceTemplates/production-web-webserver-template-d9766808-mo8qpuzs",
            "service_account": [
              {
                "email": "production-web-svcacc@excelra-rnd-gsk-otg-2024.iam.gserviceaccount.com",
                "scopes": [
                  "https://www.googleapis.com/auth/cloud-platform",
                  "https://www.googleapis.com/auth/logging.write",
                  "https://www.googleapis.com/auth/monitoring.write"
                ]
              }
            ],
            "shielded_instance_config": [],
            "tags": [
              "glb-serve-target",
              "webappservernode"
            ],
            "tags_fingerprint": "",
            "timeouts": null
          },
          "sensitive_attributes": [],
          "private": "eyJlMmJmYjczMC1lY2FhLTExZTYtOGY4OC0zNDM2M2JjN2M0YzAiOnsiY3JlYXRlIjoyNDAwMDAwMDAwMDAsImRlbGV0ZSI6MjQwMDAwMDAwMDAwfSwic2NoZW1hX3ZlcnNpb24iOiIxIn0=",
          "dependencies": [
            "module.vpc_network.module.firewall_rules.google_compute_firewall.rules",
            "module.vpc_network.module.routes.google_compute_route.route",
            "module.vpc_network.module.subnets.google_compute_subnetwork.subnetwork",
            "module.vpc_network.module.vpc.google_compute_network.network",
            "module.vpc_network.module.vpc.google_compute_shared_vpc_host_project.shared_vpc_host",
            "module.web_app.google_service_account.gcp_service_acc_apis",
            "module.web_app.random_string.random_web_server_suffix",
            "module.web_app.random_string.random_webbucket"
          ],
          "create_before_destroy": true
        }
      ]
    },
    {
      "module": "module.web_app",
      "mode": "managed",
      "type": "google_project_iam_member",
      "name": "logging-writer",
      "provider": "provider[\"registry.terraform.io/hashicorp/google\"]",
      "instances": [
        {
          "schema_version": 0,
          "attributes": {
            "condition": [],
            "etag": "BwYboDw+W8Q=",
            "id": "excelra-rnd-gsk-otg-2024/roles/logging.logWriter/serviceAccount:production-web-svcacc@excelra-rnd-gsk-otg-2024.iam.gserviceaccount.com",
            "member": "serviceAccount:production-web-svcacc@excelra-rnd-gsk-otg-2024.iam.gserviceaccount.com",
            "project": "excelra-rnd-gsk-otg-2024",
            "role": "roles/logging.logWriter"
          },
          "sensitive_attributes": [],
          "private": "bnVsbA==",
          "dependencies": [
            "module.vpc_network.module.firewall_rules.google_compute_firewall.rules",
            "module.vpc_network.module.routes.google_compute_route.route",
            "module.vpc_network.module.subnets.google_compute_subnetwork.subnetwork",
            "module.vpc_network.module.vpc.google_compute_network.network",
            "module.vpc_network.module.vpc.google_compute_shared_vpc_host_project.shared_vpc_host",
            "module.web_app.google_service_account.gcp_service_acc_apis"
          ],
          "create_before_destroy": true
        }
      ]
    },
    {
      "module": "module.web_app",
      "mode": "managed",
      "type": "google_project_iam_member",
      "name": "monitoring-writer",
      "provider": "provider[\"registry.terraform.io/hashicorp/google\"]",
      "instances": [
        {
          "schema_version": 0,
          "attributes": {
            "condition": [],
            "etag": "BwYboDw+W8Q=",
            "id": "excelra-rnd-gsk-otg-2024/roles/monitoring.metricWriter/serviceAccount:production-web-svcacc@excelra-rnd-gsk-otg-2024.iam.gserviceaccount.com",
            "member": "serviceAccount:production-web-svcacc@excelra-rnd-gsk-otg-2024.iam.gserviceaccount.com",
            "project": "excelra-rnd-gsk-otg-2024",
            "role": "roles/monitoring.metricWriter"
          },
          "sensitive_attributes": [],
          "private": "bnVsbA==",
          "dependencies": [
            "module.vpc_network.module.firewall_rules.google_compute_firewall.rules",
            "module.vpc_network.module.routes.google_compute_route.route",
            "module.vpc_network.module.subnets.google_compute_subnetwork.subnetwork",
            "module.vpc_network.module.vpc.google_compute_network.network",
            "module.vpc_network.module.vpc.google_compute_shared_vpc_host_project.shared_vpc_host",
            "module.web_app.google_service_account.gcp_service_acc_apis"
          ],
          "create_before_destroy": true
        }
      ]
    },
    {
      "module": "module.web_app",
      "mode": "managed",
      "type": "google_service_account",
      "name": "gcp_service_acc_apis",
      "provider": "provider[\"registry.terraform.io/hashicorp/google\"]",
      "instances": [
        {
          "schema_version": 0,
          "attributes": {
            "account_id": "production-web-svcacc",
            "description": "",
            "display_name": "production-web-GCP-service-account",
            "email": "production-web-svcacc@excelra-rnd-gsk-otg-2024.iam.gserviceaccount.com",
            "id": "projects/excelra-rnd-gsk-otg-2024/serviceAccounts/production-web-svcacc@excelra-rnd-gsk-otg-2024.iam.gserviceaccount.com",
            "name": "projects/excelra-rnd-gsk-otg-2024/serviceAccounts/production-web-svcacc@excelra-rnd-gsk-otg-2024.iam.gserviceaccount.com",
            "project": "excelra-rnd-gsk-otg-2024",
            "timeouts": null,
            "unique_id": "112634652126949052172"
          },
          "sensitive_attributes": [],
          "private": "eyJlMmJmYjczMC1lY2FhLTExZTYtOGY4OC0zNDM2M2JjN2M0YzAiOnsiY3JlYXRlIjozMDAwMDAwMDAwMDB9fQ==",
          "dependencies": [
            "module.vpc_network.module.firewall_rules.google_compute_firewall.rules",
            "module.vpc_network.module.routes.google_compute_route.route",
            "module.vpc_network.module.subnets.google_compute_subnetwork.subnetwork",
            "module.vpc_network.module.vpc.google_compute_network.network",
            "module.vpc_network.module.vpc.google_compute_shared_vpc_host_project.shared_vpc_host"
          ],
          "create_before_destroy": true
        }
      ]
    },
    {
      "module": "module.web_app",
      "mode": "managed",
      "type": "null_resource",
      "name": "webapp_provisioner",
      "provider": "provider[\"registry.terraform.io/hashicorp/null\"]",
      "instances": [
        {
          "status": "tainted",
          "schema_version": 0,
          "attributes": {
            "id": "6584725563133627345",
            "triggers": {
              "bucket_name": "production-web-21-06-2-9obkl1kl"
            }
          },
          "sensitive_attributes": [],
          "dependencies": [
            "module.vpc_network.module.firewall_rules.google_compute_firewall.rules",
            "module.vpc_network.module.routes.google_compute_route.route",
            "module.vpc_network.module.subnets.google_compute_subnetwork.subnetwork",
            "module.vpc_network.module.vpc.google_compute_network.network",
            "module.vpc_network.module.vpc.google_compute_shared_vpc_host_project.shared_vpc_host",
            "module.web_app.module.bucket_webapp.google_dns_record_set.cname",
            "module.web_app.module.bucket_webapp.google_storage_bucket.access_logs",
            "module.web_app.module.bucket_webapp.google_storage_bucket.website",
            "module.web_app.module.bucket_webapp.google_storage_bucket_acl.analytics_write",
            "module.web_app.module.bucket_webapp.google_storage_default_object_acl.website_acl",
            "module.web_app.random_string.random_webbucket"
          ]
        },
        {
          "status": "tainted",
          "deposed": "0257e285",
          "schema_version": 0,
          "attributes": {
            "id": "759517775124321067",
            "triggers": {
              "bucket_name": "production-web-21-06-2-9obkl1kl"
            }
          },
          "sensitive_attributes": [],
          "dependencies": [
            "module.vpc_network.module.firewall_rules.google_compute_firewall.rules",
            "module.vpc_network.module.routes.google_compute_route.route",
            "module.vpc_network.module.subnets.google_compute_subnetwork.subnetwork",
            "module.vpc_network.module.vpc.google_compute_network.network",
            "module.vpc_network.module.vpc.google_compute_shared_vpc_host_project.shared_vpc_host",
            "module.web_app.module.bucket_webapp.google_dns_record_set.cname",
            "module.web_app.module.bucket_webapp.google_storage_bucket.access_logs",
            "module.web_app.module.bucket_webapp.google_storage_bucket.website",
            "module.web_app.module.bucket_webapp.google_storage_bucket_acl.analytics_write",
            "module.web_app.module.bucket_webapp.google_storage_default_object_acl.website_acl",
            "module.web_app.random_string.random_webbucket"
          ],
          "create_before_destroy": true
        },
        {
          "status": "tainted",
          "deposed": "1ad70132",
          "schema_version": 0,
          "attributes": {
            "id": "9201078009924775663",
            "triggers": {
              "bucket_name": "production-web-21-06-2-9obkl1kl"
            }
          },
          "sensitive_attributes": [],
          "dependencies": [
            "module.vpc_network.module.firewall_rules.google_compute_firewall.rules",
            "module.vpc_network.module.routes.google_compute_route.route",
            "module.vpc_network.module.subnets.google_compute_subnetwork.subnetwork",
            "module.vpc_network.module.vpc.google_compute_network.network",
            "module.vpc_network.module.vpc.google_compute_shared_vpc_host_project.shared_vpc_host",
            "module.web_app.module.bucket_webapp.google_dns_record_set.cname",
            "module.web_app.module.bucket_webapp.google_storage_bucket.access_logs",
            "module.web_app.module.bucket_webapp.google_storage_bucket.website",
            "module.web_app.module.bucket_webapp.google_storage_bucket_acl.analytics_write",
            "module.web_app.module.bucket_webapp.google_storage_default_object_acl.website_acl",
            "module.web_app.random_string.random_webbucket"
          ],
          "create_before_destroy": true
        },
        {
          "status": "tainted",
          "deposed": "28cd1e83",
          "schema_version": 0,
          "attributes": {
            "id": "4904399613902741162",
            "triggers": {
              "bucket_name": "production-web-21-06-2-9obkl1kl"
            }
          },
          "sensitive_attributes": [],
          "dependencies": [
            "module.vpc_network.module.firewall_rules.google_compute_firewall.rules",
            "module.vpc_network.module.routes.google_compute_route.route",
            "module.vpc_network.module.subnets.google_compute_subnetwork.subnetwork",
            "module.vpc_network.module.vpc.google_compute_network.network",
            "module.vpc_network.module.vpc.google_compute_shared_vpc_host_project.shared_vpc_host",
            "module.web_app.module.bucket_webapp.google_dns_record_set.cname",
            "module.web_app.module.bucket_webapp.google_storage_bucket.access_logs",
            "module.web_app.module.bucket_webapp.google_storage_bucket.website",
            "module.web_app.module.bucket_webapp.google_storage_bucket_acl.analytics_write",
            "module.web_app.module.bucket_webapp.google_storage_default_object_acl.website_acl",
            "module.web_app.random_string.random_webbucket"
          ],
          "create_before_destroy": true
        },
        {
          "status": "tainted",
          "deposed": "302a8783",
          "schema_version": 0,
          "attributes": {
            "id": "7863632421056147057",
            "triggers": {
              "bucket_name": "production-web-21-06-2-9obkl1kl"
            }
          },
          "sensitive_attributes": [],
          "dependencies": [
            "module.vpc_network.module.firewall_rules.google_compute_firewall.rules",
            "module.vpc_network.module.routes.google_compute_route.route",
            "module.vpc_network.module.subnets.google_compute_subnetwork.subnetwork",
            "module.vpc_network.module.vpc.google_compute_network.network",
            "module.vpc_network.module.vpc.google_compute_shared_vpc_host_project.shared_vpc_host",
            "module.web_app.module.bucket_webapp.google_dns_record_set.cname",
            "module.web_app.module.bucket_webapp.google_storage_bucket.access_logs",
            "module.web_app.module.bucket_webapp.google_storage_bucket.website",
            "module.web_app.module.bucket_webapp.google_storage_bucket_acl.analytics_write",
            "module.web_app.module.bucket_webapp.google_storage_default_object_acl.website_acl",
            "module.web_app.random_string.random_webbucket"
          ],
          "create_before_destroy": true
        },
        {
          "status": "tainted",
          "deposed": "388fa169",
          "schema_version": 0,
          "attributes": {
            "id": "3538540754078715715",
            "triggers": {
              "bucket_name": "production-web-21-06-2-9obkl1kl"
            }
          },
          "sensitive_attributes": [],
          "dependencies": [
            "module.vpc_network.module.firewall_rules.google_compute_firewall.rules",
            "module.vpc_network.module.routes.google_compute_route.route",
            "module.vpc_network.module.subnets.google_compute_subnetwork.subnetwork",
            "module.vpc_network.module.vpc.google_compute_network.network",
            "module.vpc_network.module.vpc.google_compute_shared_vpc_host_project.shared_vpc_host",
            "module.web_app.module.bucket_webapp.google_dns_record_set.cname",
            "module.web_app.module.bucket_webapp.google_storage_bucket.access_logs",
            "module.web_app.module.bucket_webapp.google_storage_bucket.website",
            "module.web_app.module.bucket_webapp.google_storage_bucket_acl.analytics_write",
            "module.web_app.module.bucket_webapp.google_storage_default_object_acl.website_acl",
            "module.web_app.random_string.random_webbucket"
          ],
          "create_before_destroy": true
        },
        {
          "status": "tainted",
          "deposed": "3a8794cb",
          "schema_version": 0,
          "attributes": {
            "id": "1521254126890782691",
            "triggers": {
              "bucket_name": "production-web-21-06-2-9obkl1kl"
            }
          },
          "sensitive_attributes": [],
          "dependencies": [
            "module.vpc_network.module.firewall_rules.google_compute_firewall.rules",
            "module.vpc_network.module.routes.google_compute_route.route",
            "module.vpc_network.module.subnets.google_compute_subnetwork.subnetwork",
            "module.vpc_network.module.vpc.google_compute_network.network",
            "module.vpc_network.module.vpc.google_compute_shared_vpc_host_project.shared_vpc_host",
            "module.web_app.module.bucket_webapp.google_dns_record_set.cname",
            "module.web_app.module.bucket_webapp.google_storage_bucket.access_logs",
            "module.web_app.module.bucket_webapp.google_storage_bucket.website",
            "module.web_app.module.bucket_webapp.google_storage_bucket_acl.analytics_write",
            "module.web_app.module.bucket_webapp.google_storage_default_object_acl.website_acl",
            "module.web_app.random_string.random_webbucket"
          ],
          "create_before_destroy": true
        },
        {
          "status": "tainted",
          "deposed": "4abe1e24",
          "schema_version": 0,
          "attributes": {
            "id": "2870815362662491820",
            "triggers": {
              "bucket_name": "production-web-21-06-2-9obkl1kl"
            }
          },
          "sensitive_attributes": [],
          "dependencies": [
            "module.vpc_network.module.firewall_rules.google_compute_firewall.rules",
            "module.vpc_network.module.routes.google_compute_route.route",
            "module.vpc_network.module.subnets.google_compute_subnetwork.subnetwork",
            "module.vpc_network.module.vpc.google_compute_network.network",
            "module.vpc_network.module.vpc.google_compute_shared_vpc_host_project.shared_vpc_host",
            "module.web_app.module.bucket_webapp.google_dns_record_set.cname",
            "module.web_app.module.bucket_webapp.google_storage_bucket.access_logs",
            "module.web_app.module.bucket_webapp.google_storage_bucket.website",
            "module.web_app.module.bucket_webapp.google_storage_bucket_acl.analytics_write",
            "module.web_app.module.bucket_webapp.google_storage_default_object_acl.website_acl",
            "module.web_app.random_string.random_webbucket"
          ],
          "create_before_destroy": true
        },
        {
          "status": "tainted",
          "deposed": "535c88d0",
          "schema_version": 0,
          "attributes": {
            "id": "2657373095694001814",
            "triggers": {
              "bucket_name": "production-web-21-06-2-9obkl1kl"
            }
          },
          "sensitive_attributes": [],
          "dependencies": [
            "module.vpc_network.module.firewall_rules.google_compute_firewall.rules",
            "module.vpc_network.module.routes.google_compute_route.route",
            "module.vpc_network.module.subnets.google_compute_subnetwork.subnetwork",
            "module.vpc_network.module.vpc.google_compute_network.network",
            "module.vpc_network.module.vpc.google_compute_shared_vpc_host_project.shared_vpc_host",
            "module.web_app.module.bucket_webapp.google_dns_record_set.cname",
            "module.web_app.module.bucket_webapp.google_storage_bucket.access_logs",
            "module.web_app.module.bucket_webapp.google_storage_bucket.website",
            "module.web_app.module.bucket_webapp.google_storage_bucket_acl.analytics_write",
            "module.web_app.module.bucket_webapp.google_storage_default_object_acl.website_acl",
            "module.web_app.random_string.random_webbucket"
          ],
          "create_before_destroy": true
        },
        {
          "status": "tainted",
          "deposed": "5d028625",
          "schema_version": 0,
          "attributes": {
            "id": "287230053316320026",
            "triggers": {
              "bucket_name": "production-web-21-06-2-9obkl1kl"
            }
          },
          "sensitive_attributes": [],
          "dependencies": [
            "module.vpc_network.module.firewall_rules.google_compute_firewall.rules",
            "module.vpc_network.module.routes.google_compute_route.route",
            "module.vpc_network.module.subnets.google_compute_subnetwork.subnetwork",
            "module.vpc_network.module.vpc.google_compute_network.network",
            "module.vpc_network.module.vpc.google_compute_shared_vpc_host_project.shared_vpc_host",
            "module.web_app.module.bucket_webapp.google_dns_record_set.cname",
            "module.web_app.module.bucket_webapp.google_storage_bucket.access_logs",
            "module.web_app.module.bucket_webapp.google_storage_bucket.website",
            "module.web_app.module.bucket_webapp.google_storage_bucket_acl.analytics_write",
            "module.web_app.module.bucket_webapp.google_storage_default_object_acl.website_acl",
            "module.web_app.random_string.random_webbucket"
          ],
          "create_before_destroy": true
        },
        {
          "status": "tainted",
          "deposed": "664180cf",
          "schema_version": 0,
          "attributes": {
            "id": "434172361434037138",
            "triggers": {
              "bucket_name": "production-web-21-06-2-9obkl1kl"
            }
          },
          "sensitive_attributes": [],
          "dependencies": [
            "module.vpc_network.module.firewall_rules.google_compute_firewall.rules",
            "module.vpc_network.module.routes.google_compute_route.route",
            "module.vpc_network.module.subnets.google_compute_subnetwork.subnetwork",
            "module.vpc_network.module.vpc.google_compute_network.network",
            "module.vpc_network.module.vpc.google_compute_shared_vpc_host_project.shared_vpc_host",
            "module.web_app.module.bucket_webapp.google_dns_record_set.cname",
            "module.web_app.module.bucket_webapp.google_storage_bucket.access_logs",
            "module.web_app.module.bucket_webapp.google_storage_bucket.website",
            "module.web_app.module.bucket_webapp.google_storage_bucket_acl.analytics_write",
            "module.web_app.module.bucket_webapp.google_storage_default_object_acl.website_acl",
            "module.web_app.random_string.random_webbucket"
          ],
          "create_before_destroy": true
        },
        {
          "status": "tainted",
          "deposed": "72080906",
          "schema_version": 0,
          "attributes": {
            "id": "701937474546882869",
            "triggers": {
              "bucket_name": "production-web-21-06-2-9obkl1kl"
            }
          },
          "sensitive_attributes": [],
          "dependencies": [
            "module.vpc_network.module.firewall_rules.google_compute_firewall.rules",
            "module.vpc_network.module.routes.google_compute_route.route",
            "module.vpc_network.module.subnets.google_compute_subnetwork.subnetwork",
            "module.vpc_network.module.vpc.google_compute_network.network",
            "module.vpc_network.module.vpc.google_compute_shared_vpc_host_project.shared_vpc_host",
            "module.web_app.module.bucket_webapp.google_dns_record_set.cname",
            "module.web_app.module.bucket_webapp.google_storage_bucket.access_logs",
            "module.web_app.module.bucket_webapp.google_storage_bucket.website",
            "module.web_app.module.bucket_webapp.google_storage_bucket_acl.analytics_write",
            "module.web_app.module.bucket_webapp.google_storage_default_object_acl.website_acl",
            "module.web_app.random_string.random_webbucket"
          ],
          "create_before_destroy": true
        },
        {
          "status": "tainted",
          "deposed": "7ae41f5c",
          "schema_version": 0,
          "attributes": {
            "id": "3102216262545588148",
            "triggers": {
              "bucket_name": "production-web-21-06-2-9obkl1kl"
            }
          },
          "sensitive_attributes": [],
          "dependencies": [
            "module.vpc_network.module.firewall_rules.google_compute_firewall.rules",
            "module.vpc_network.module.routes.google_compute_route.route",
            "module.vpc_network.module.subnets.google_compute_subnetwork.subnetwork",
            "module.vpc_network.module.vpc.google_compute_network.network",
            "module.vpc_network.module.vpc.google_compute_shared_vpc_host_project.shared_vpc_host",
            "module.web_app.module.bucket_webapp.google_dns_record_set.cname",
            "module.web_app.module.bucket_webapp.google_storage_bucket.access_logs",
            "module.web_app.module.bucket_webapp.google_storage_bucket.website",
            "module.web_app.module.bucket_webapp.google_storage_bucket_acl.analytics_write",
            "module.web_app.module.bucket_webapp.google_storage_default_object_acl.website_acl",
            "module.web_app.random_string.random_webbucket"
          ],
          "create_before_destroy": true
        },
        {
          "status": "tainted",
          "deposed": "8fb7ed5f",
          "schema_version": 0,
          "attributes": {
            "id": "829432955730065759",
            "triggers": {
              "bucket_name": "production-web-21-06-2-9obkl1kl"
            }
          },
          "sensitive_attributes": [],
          "dependencies": [
            "module.vpc_network.module.firewall_rules.google_compute_firewall.rules",
            "module.vpc_network.module.routes.google_compute_route.route",
            "module.vpc_network.module.subnets.google_compute_subnetwork.subnetwork",
            "module.vpc_network.module.vpc.google_compute_network.network",
            "module.vpc_network.module.vpc.google_compute_shared_vpc_host_project.shared_vpc_host",
            "module.web_app.module.bucket_webapp.google_dns_record_set.cname",
            "module.web_app.module.bucket_webapp.google_storage_bucket.access_logs",
            "module.web_app.module.bucket_webapp.google_storage_bucket.website",
            "module.web_app.module.bucket_webapp.google_storage_bucket_acl.analytics_write",
            "module.web_app.module.bucket_webapp.google_storage_default_object_acl.website_acl",
            "module.web_app.random_string.random_webbucket"
          ],
          "create_before_destroy": true
        },
        {
          "status": "tainted",
          "deposed": "c4856a34",
          "schema_version": 0,
          "attributes": {
            "id": "1390447695494542642",
            "triggers": {
              "bucket_name": "production-web-21-06-2-9obkl1kl"
            }
          },
          "sensitive_attributes": [],
          "dependencies": [
            "module.vpc_network.module.firewall_rules.google_compute_firewall.rules",
            "module.vpc_network.module.routes.google_compute_route.route",
            "module.vpc_network.module.subnets.google_compute_subnetwork.subnetwork",
            "module.vpc_network.module.vpc.google_compute_network.network",
            "module.vpc_network.module.vpc.google_compute_shared_vpc_host_project.shared_vpc_host",
            "module.web_app.module.bucket_webapp.google_dns_record_set.cname",
            "module.web_app.module.bucket_webapp.google_storage_bucket.access_logs",
            "module.web_app.module.bucket_webapp.google_storage_bucket.website",
            "module.web_app.module.bucket_webapp.google_storage_bucket_acl.analytics_write",
            "module.web_app.module.bucket_webapp.google_storage_default_object_acl.website_acl",
            "module.web_app.random_string.random_webbucket"
          ],
          "create_before_destroy": true
        },
        {
          "status": "tainted",
          "deposed": "cdd9e133",
          "schema_version": 0,
          "attributes": {
            "id": "4659934240118390560",
            "triggers": {
              "bucket_name": "production-web-21-06-2-9obkl1kl"
            }
          },
          "sensitive_attributes": [],
          "dependencies": [
            "module.vpc_network.module.firewall_rules.google_compute_firewall.rules",
            "module.vpc_network.module.routes.google_compute_route.route",
            "module.vpc_network.module.subnets.google_compute_subnetwork.subnetwork",
            "module.vpc_network.module.vpc.google_compute_network.network",
            "module.vpc_network.module.vpc.google_compute_shared_vpc_host_project.shared_vpc_host",
            "module.web_app.module.bucket_webapp.google_dns_record_set.cname",
            "module.web_app.module.bucket_webapp.google_storage_bucket.access_logs",
            "module.web_app.module.bucket_webapp.google_storage_bucket.website",
            "module.web_app.module.bucket_webapp.google_storage_bucket_acl.analytics_write",
            "module.web_app.module.bucket_webapp.google_storage_default_object_acl.website_acl",
            "module.web_app.random_string.random_webbucket"
          ],
          "create_before_destroy": true
        },
        {
          "status": "tainted",
          "deposed": "cff48d0c",
          "schema_version": 0,
          "attributes": {
            "id": "3731384145504628432",
            "triggers": {
              "bucket_name": "production-web-21-06-2-9obkl1kl"
            }
          },
          "sensitive_attributes": [],
          "dependencies": [
            "module.vpc_network.module.firewall_rules.google_compute_firewall.rules",
            "module.vpc_network.module.routes.google_compute_route.route",
            "module.vpc_network.module.subnets.google_compute_subnetwork.subnetwork",
            "module.vpc_network.module.vpc.google_compute_network.network",
            "module.vpc_network.module.vpc.google_compute_shared_vpc_host_project.shared_vpc_host",
            "module.web_app.module.bucket_webapp.google_dns_record_set.cname",
            "module.web_app.module.bucket_webapp.google_storage_bucket.access_logs",
            "module.web_app.module.bucket_webapp.google_storage_bucket.website",
            "module.web_app.module.bucket_webapp.google_storage_bucket_acl.analytics_write",
            "module.web_app.module.bucket_webapp.google_storage_default_object_acl.website_acl",
            "module.web_app.random_string.random_webbucket"
          ],
          "create_before_destroy": true
        },
        {
          "status": "tainted",
          "deposed": "d7166382",
          "schema_version": 0,
          "attributes": {
            "id": "5129144159008332463",
            "triggers": {
              "bucket_name": "production-web-21-06-2-9obkl1kl"
            }
          },
          "sensitive_attributes": [],
          "dependencies": [
            "module.vpc_network.module.firewall_rules.google_compute_firewall.rules",
            "module.vpc_network.module.routes.google_compute_route.route",
            "module.vpc_network.module.subnets.google_compute_subnetwork.subnetwork",
            "module.vpc_network.module.vpc.google_compute_network.network",
            "module.vpc_network.module.vpc.google_compute_shared_vpc_host_project.shared_vpc_host",
            "module.web_app.module.bucket_webapp.google_dns_record_set.cname",
            "module.web_app.module.bucket_webapp.google_storage_bucket.access_logs",
            "module.web_app.module.bucket_webapp.google_storage_bucket.website",
            "module.web_app.module.bucket_webapp.google_storage_bucket_acl.analytics_write",
            "module.web_app.module.bucket_webapp.google_storage_default_object_acl.website_acl",
            "module.web_app.random_string.random_webbucket"
          ],
          "create_before_destroy": true
        },
        {
          "status": "tainted",
          "deposed": "dda60e9b",
          "schema_version": 0,
          "attributes": {
            "id": "2612637361389225377",
            "triggers": {
              "bucket_name": "production-web-21-06-2-9obkl1kl"
            }
          },
          "sensitive_attributes": [],
          "dependencies": [
            "module.vpc_network.module.firewall_rules.google_compute_firewall.rules",
            "module.vpc_network.module.routes.google_compute_route.route",
            "module.vpc_network.module.subnets.google_compute_subnetwork.subnetwork",
            "module.vpc_network.module.vpc.google_compute_network.network",
            "module.vpc_network.module.vpc.google_compute_shared_vpc_host_project.shared_vpc_host",
            "module.web_app.module.bucket_webapp.google_dns_record_set.cname",
            "module.web_app.module.bucket_webapp.google_storage_bucket.access_logs",
            "module.web_app.module.bucket_webapp.google_storage_bucket.website",
            "module.web_app.module.bucket_webapp.google_storage_bucket_acl.analytics_write",
            "module.web_app.module.bucket_webapp.google_storage_default_object_acl.website_acl",
            "module.web_app.random_string.random_webbucket"
          ],
          "create_before_destroy": true
        },
        {
          "status": "tainted",
          "deposed": "e729d0c9",
          "schema_version": 0,
          "attributes": {
            "id": "5283485272255853022",
            "triggers": {
              "bucket_name": "production-web-21-06-2-9obkl1kl"
            }
          },
          "sensitive_attributes": [],
          "dependencies": [
            "module.vpc_network.module.firewall_rules.google_compute_firewall.rules",
            "module.vpc_network.module.routes.google_compute_route.route",
            "module.vpc_network.module.subnets.google_compute_subnetwork.subnetwork",
            "module.vpc_network.module.vpc.google_compute_network.network",
            "module.vpc_network.module.vpc.google_compute_shared_vpc_host_project.shared_vpc_host",
            "module.web_app.module.bucket_webapp.google_dns_record_set.cname",
            "module.web_app.module.bucket_webapp.google_storage_bucket.access_logs",
            "module.web_app.module.bucket_webapp.google_storage_bucket.website",
            "module.web_app.module.bucket_webapp.google_storage_bucket_acl.analytics_write",
            "module.web_app.module.bucket_webapp.google_storage_default_object_acl.website_acl",
            "module.web_app.random_string.random_webbucket"
          ],
          "create_before_destroy": true
        },
        {
          "status": "tainted",
          "deposed": "fe633bb5",
          "schema_version": 0,
          "attributes": {
            "id": "8483704824455291356",
            "triggers": {
              "bucket_name": "production-web-21-06-2-9obkl1kl"
            }
          },
          "sensitive_attributes": [],
          "dependencies": [
            "module.vpc_network.module.firewall_rules.google_compute_firewall.rules",
            "module.vpc_network.module.routes.google_compute_route.route",
            "module.vpc_network.module.subnets.google_compute_subnetwork.subnetwork",
            "module.vpc_network.module.vpc.google_compute_network.network",
            "module.vpc_network.module.vpc.google_compute_shared_vpc_host_project.shared_vpc_host",
            "module.web_app.module.bucket_webapp.google_dns_record_set.cname",
            "module.web_app.module.bucket_webapp.google_storage_bucket.access_logs",
            "module.web_app.module.bucket_webapp.google_storage_bucket.website",
            "module.web_app.module.bucket_webapp.google_storage_bucket_acl.analytics_write",
            "module.web_app.module.bucket_webapp.google_storage_default_object_acl.website_acl",
            "module.web_app.random_string.random_webbucket"
          ],
          "create_before_destroy": true
        }
      ]
    },
    {
      "module": "module.web_app",
      "mode": "managed",
      "type": "random_string",
      "name": "random_web_server_suffix",
      "provider": "provider[\"registry.terraform.io/hashicorp/random\"]",
      "instances": [
        {
          "schema_version": 2,
          "attributes": {
            "id": "mo8qpuzs",
            "keepers": {
              "deployment_bundle_filename": "bundle-genetics.tgz",
              "deployment_bundle_url": "https://storage.googleapis.com/production-web-21-06-2-9obkl1kl/bundle-genetics.tgz",
              "nginx_docker_image_version": "1.21.3",
              "startup_script": "1377db787f65273067ef32b5d18ede01",
              "vm_flag_preemptible": "false",
              "webapp_bucket_name": "production-web-21-06-2-9obkl1kl"
            },
            "length": 8,
            "lower": true,
            "min_lower": 0,
            "min_numeric": 0,
            "min_special": 0,
            "min_upper": 0,
            "number": true,
            "numeric": true,
            "override_special": null,
            "result": "mo8qpuzs",
            "special": false,
            "upper": false
          },
          "sensitive_attributes": [],
          "dependencies": [
            "module.vpc_network.module.firewall_rules.google_compute_firewall.rules",
            "module.vpc_network.module.routes.google_compute_route.route",
            "module.vpc_network.module.subnets.google_compute_subnetwork.subnetwork",
            "module.vpc_network.module.vpc.google_compute_network.network",
            "module.vpc_network.module.vpc.google_compute_shared_vpc_host_project.shared_vpc_host",
            "module.web_app.random_string.random_webbucket"
          ],
          "create_before_destroy": true
        }
      ]
    },
    {
      "module": "module.web_app",
      "mode": "managed",
      "type": "random_string",
      "name": "random_webbucket",
      "provider": "provider[\"registry.terraform.io/hashicorp/random\"]",
      "instances": [
        {
          "schema_version": 2,
          "attributes": {
            "id": "9obkl1kl",
            "keepers": {
              "deployment_bundle_filename": "bundle-genetics.tgz",
              "deployment_context": "fa79a7c4102b8f6ceaf99d27665a361d",
              "deployment_scope": "production-web",
              "robots_profile_name": "default",
              "webapp_release": "21.06.2",
              "webapp_repository": "opentargets/genetics-app"
            },
            "length": 8,
            "lower": true,
            "min_lower": 0,
            "min_numeric": 0,
            "min_special": 0,
            "min_upper": 0,
            "number": true,
            "numeric": true,
            "override_special": null,
            "result": "9obkl1kl",
            "special": false,
            "upper": false
          },
          "sensitive_attributes": [],
          "dependencies": [
            "module.vpc_network.module.firewall_rules.google_compute_firewall.rules",
            "module.vpc_network.module.routes.google_compute_route.route",
            "module.vpc_network.module.subnets.google_compute_subnetwork.subnetwork",
            "module.vpc_network.module.vpc.google_compute_network.network",
            "module.vpc_network.module.vpc.google_compute_shared_vpc_host_project.shared_vpc_host"
          ],
          "create_before_destroy": true
        }
      ]
    },
    {
      "module": "module.web_app.module.bucket_webapp",
      "mode": "managed",
      "type": "google_storage_bucket",
      "name": "access_logs",
      "provider": "provider[\"registry.terraform.io/hashicorp/google-beta\"]",
      "instances": [
        {
          "schema_version": 0,
          "attributes": {
            "bucket_policy_only": false,
            "cors": [],
            "default_event_based_hold": false,
            "encryption": [],
            "force_destroy": true,
            "id": "production-web-21-06-2-9obkl1kl-logs",
            "labels": {},
            "lifecycle_rule": [
              {
                "action": [
                  {
                    "storage_class": "",
                    "type": "Delete"
                  }
                ],
                "condition": [
                  {
                    "age": 30,
                    "created_before": "",
                    "custom_time_before": "",
                    "days_since_custom_time": 0,
                    "days_since_noncurrent_time": 0,
                    "matches_storage_class": [],
                    "noncurrent_time_before": "",
                    "num_newer_versions": 0,
                    "with_state": "ANY"
                  }
                ]
              }
            ],
            "location": "EU",
            "logging": [],
            "name": "production-web-21-06-2-9obkl1kl-logs",
            "project": "excelra-rnd-gsk-otg-2024",
            "requester_pays": false,
            "retention_policy": [],
            "self_link": "https://www.googleapis.com/storage/v1/b/production-web-21-06-2-9obkl1kl-logs",
            "storage_class": "MULTI_REGIONAL",
            "uniform_bucket_level_access": false,
            "url": "gs://production-web-21-06-2-9obkl1kl-logs",
            "versioning": [],
            "website": []
          },
          "sensitive_attributes": [],
          "private": "bnVsbA==",
          "dependencies": [
            "module.vpc_network.module.firewall_rules.google_compute_firewall.rules",
            "module.vpc_network.module.routes.google_compute_route.route",
            "module.vpc_network.module.subnets.google_compute_subnetwork.subnetwork",
            "module.vpc_network.module.vpc.google_compute_network.network",
            "module.vpc_network.module.vpc.google_compute_shared_vpc_host_project.shared_vpc_host",
            "module.web_app.random_string.random_webbucket"
          ],
          "create_before_destroy": true
        }
      ]
    },
    {
      "module": "module.web_app.module.bucket_webapp",
      "mode": "managed",
      "type": "google_storage_bucket",
      "name": "website",
      "provider": "provider[\"registry.terraform.io/hashicorp/google-beta\"]",
      "instances": [
        {
          "schema_version": 0,
          "attributes": {
            "bucket_policy_only": false,
            "cors": [
              {
                "max_age_seconds": 600,
                "method": [],
                "origin": [
                  "*"
                ],
                "response_header": []
              }
            ],
            "default_event_based_hold": false,
            "encryption": [],
            "force_destroy": true,
            "id": "production-web-21-06-2-9obkl1kl",
            "labels": {},
            "lifecycle_rule": [],
            "location": "EU",
            "logging": [
              {
                "log_bucket": "production-web-21-06-2-9obkl1kl-logs",
                "log_object_prefix": "production-web-21.06.2"
              }
            ],
            "name": "production-web-21-06-2-9obkl1kl",
            "project": "excelra-rnd-gsk-otg-2024",
            "requester_pays": false,
            "retention_policy": [],
            "self_link": "https://www.googleapis.com/storage/v1/b/production-web-21-06-2-9obkl1kl",
            "storage_class": "MULTI_REGIONAL",
            "uniform_bucket_level_access": false,
            "url": "gs://production-web-21-06-2-9obkl1kl",
            "versioning": [
              {
                "enabled": true
              }
            ],
            "website": [
              {
                "main_page_suffix": "index.html",
                "not_found_page": "index.html"
              }
            ]
          },
          "sensitive_attributes": [],
          "private": "bnVsbA==",
          "dependencies": [
            "module.vpc_network.module.firewall_rules.google_compute_firewall.rules",
            "module.vpc_network.module.routes.google_compute_route.route",
            "module.vpc_network.module.subnets.google_compute_subnetwork.subnetwork",
            "module.vpc_network.module.vpc.google_compute_network.network",
            "module.vpc_network.module.vpc.google_compute_shared_vpc_host_project.shared_vpc_host",
            "module.web_app.module.bucket_webapp.google_storage_bucket.access_logs",
            "module.web_app.random_string.random_webbucket"
          ],
          "create_before_destroy": true
        }
      ]
    },
    {
      "module": "module.web_app.module.bucket_webapp",
      "mode": "managed",
      "type": "google_storage_bucket_acl",
      "name": "analytics_write",
      "provider": "provider[\"registry.terraform.io/hashicorp/google-beta\"]",
      "instances": [
        {
          "schema_version": 0,
          "attributes": {
            "bucket": "production-web-21-06-2-9obkl1kl-logs",
            "default_acl": null,
            "id": "production-web-21-06-2-9obkl1kl-logs-acl",
            "predefined_acl": null,
            "role_entity": [
              "OWNER:project-owners-221654974980",
              "OWNER:project-editors-221654974980",
              "READER:project-viewers-221654974980",
              "WRITER:group-cloud-storage-analytics@google.com"
            ]
          },
          "sensitive_attributes": [],
          "private": "bnVsbA==",
          "dependencies": [
            "module.vpc_network.module.firewall_rules.google_compute_firewall.rules",
            "module.vpc_network.module.routes.google_compute_route.route",
            "module.vpc_network.module.subnets.google_compute_subnetwork.subnetwork",
            "module.vpc_network.module.vpc.google_compute_network.network",
            "module.vpc_network.module.vpc.google_compute_shared_vpc_host_project.shared_vpc_host",
            "module.web_app.module.bucket_webapp.google_storage_bucket.access_logs",
            "module.web_app.random_string.random_webbucket"
          ],
          "create_before_destroy": true
        }
      ]
    },
    {
      "module": "module.web_app.module.bucket_webapp",
      "mode": "managed",
      "type": "google_storage_default_object_acl",
      "name": "website_acl",
      "provider": "provider[\"registry.terraform.io/hashicorp/google-beta\"]",
      "instances": [
        {
          "schema_version": 0,
          "attributes": {
            "bucket": "production-web-21-06-2-9obkl1kl",
            "id": "production-web-21-06-2-9obkl1kl",
            "role_entity": [
              "READER:allUsers"
            ]
          },
          "sensitive_attributes": [],
          "private": "bnVsbA==",
          "dependencies": [
            "module.vpc_network.module.firewall_rules.google_compute_firewall.rules",
            "module.vpc_network.module.routes.google_compute_route.route",
            "module.vpc_network.module.subnets.google_compute_subnetwork.subnetwork",
            "module.vpc_network.module.vpc.google_compute_network.network",
            "module.vpc_network.module.vpc.google_compute_shared_vpc_host_project.shared_vpc_host",
            "module.web_app.module.bucket_webapp.google_storage_bucket.access_logs",
            "module.web_app.module.bucket_webapp.google_storage_bucket.website",
            "module.web_app.random_string.random_webbucket"
          ],
          "create_before_destroy": true
        }
      ]
    },
    {
      "module": "module.web_app.module.firewall_rules[0]",
      "mode": "managed",
      "type": "google_compute_firewall",
      "name": "rules",
      "provider": "provider[\"registry.terraform.io/hashicorp/google\"]",
      "instances": [
        {
          "index_key": "production-vpc-us-east1-allow-webserver-healthchecks",
          "schema_version": 1,
          "attributes": {
            "allow": [
              {
                "ports": [
                  "8080"
                ],
                "protocol": "tcp"
              }
            ],
            "creation_timestamp": "2024-06-20T08:06:38.978-07:00",
            "deny": [],
            "description": "Firewall rule to allow Web App Server nodes Health Checks traffic",
            "destination_ranges": [],
            "direction": "INGRESS",
            "disabled": false,
            "enable_logging": null,
            "id": "projects/excelra-rnd-gsk-otg-2024/global/firewalls/production-vpc-us-east1-allow-webserver-healthchecks",
            "log_config": [],
            "name": "production-vpc-us-east1-allow-webserver-healthchecks",
            "network": "https://www.googleapis.com/compute/v1/projects/excelra-rnd-gsk-otg-2024/global/networks/production-vpc",
            "priority": 1000,
            "project": "excelra-rnd-gsk-otg-2024",
            "self_link": "https://www.googleapis.com/compute/v1/projects/excelra-rnd-gsk-otg-2024/global/firewalls/production-vpc-us-east1-allow-webserver-healthchecks",
            "source_ranges": [
              "10.19.0.0/20",
              "130.211.0.0/22",
              "35.191.0.0/16"
            ],
            "source_service_accounts": [],
            "source_tags": [],
            "target_service_accounts": [],
            "target_tags": [
              "webappservernode"
            ],
            "timeouts": null
          },
          "sensitive_attributes": [],
          "private": "eyJlMmJmYjczMC1lY2FhLTExZTYtOGY4OC0zNDM2M2JjN2M0YzAiOnsiY3JlYXRlIjoyNDAwMDAwMDAwMDAsImRlbGV0ZSI6MjQwMDAwMDAwMDAwLCJ1cGRhdGUiOjI0MDAwMDAwMDAwMH0sInNjaGVtYV92ZXJzaW9uIjoiMSJ9",
          "dependencies": [
            "module.vpc_network.module.firewall_rules.google_compute_firewall.rules",
            "module.vpc_network.module.routes.google_compute_route.route",
            "module.vpc_network.module.subnets.google_compute_subnetwork.subnetwork",
            "module.vpc_network.module.vpc.google_compute_network.network",
            "module.vpc_network.module.vpc.google_compute_shared_vpc_host_project.shared_vpc_host"
          ],
          "create_before_destroy": true
        },
        {
          "index_key": "production-vpc-us-east1-allow-webserver-node",
          "schema_version": 1,
          "attributes": {
            "allow": [
              {
                "ports": [
                  "8080"
                ],
                "protocol": "tcp"
              }
            ],
            "creation_timestamp": "2024-06-20T08:06:38.990-07:00",
            "deny": [],
            "description": "Allow HTTP INBOUND traffic to Web App Server nodes",
            "destination_ranges": [],
            "direction": "INGRESS",
            "disabled": false,
            "enable_logging": null,
            "id": "projects/excelra-rnd-gsk-otg-2024/global/firewalls/production-vpc-us-east1-allow-webserver-node",
            "log_config": [],
            "name": "production-vpc-us-east1-allow-webserver-node",
            "network": "https://www.googleapis.com/compute/v1/projects/excelra-rnd-gsk-otg-2024/global/networks/production-vpc",
            "priority": 1000,
            "project": "excelra-rnd-gsk-otg-2024",
            "self_link": "https://www.googleapis.com/compute/v1/projects/excelra-rnd-gsk-otg-2024/global/firewalls/production-vpc-us-east1-allow-webserver-node",
            "source_ranges": [
              "10.19.0.0/20"
            ],
            "source_service_accounts": [],
            "source_tags": [],
            "target_service_accounts": [],
            "target_tags": [
              "webappservernode"
            ],
            "timeouts": null
          },
          "sensitive_attributes": [],
          "private": "eyJlMmJmYjczMC1lY2FhLTExZTYtOGY4OC0zNDM2M2JjN2M0YzAiOnsiY3JlYXRlIjoyNDAwMDAwMDAwMDAsImRlbGV0ZSI6MjQwMDAwMDAwMDAwLCJ1cGRhdGUiOjI0MDAwMDAwMDAwMH0sInNjaGVtYV92ZXJzaW9uIjoiMSJ9",
          "dependencies": [
            "module.vpc_network.module.firewall_rules.google_compute_firewall.rules",
            "module.vpc_network.module.routes.google_compute_route.route",
            "module.vpc_network.module.subnets.google_compute_subnetwork.subnetwork",
            "module.vpc_network.module.vpc.google_compute_network.network",
            "module.vpc_network.module.vpc.google_compute_shared_vpc_host_project.shared_vpc_host"
          ],
          "create_before_destroy": true
        }
      ]
    },
    {
      "module": "module.web_app.module.firewall_rules[0]",
      "mode": "managed",
      "type": "google_compute_firewall",
      "name": "rules_ingress_egress",
      "provider": "provider[\"registry.terraform.io/hashicorp/google\"]",
      "instances": []
    }
  ],
  "check_results": [
    {
      "object_kind": "var",
      "config_addr": "module.backend_api.var.load_balancer_type",
      "status": "unknown",
      "objects": [
        {
          "object_addr": "module.backend_api.var.load_balancer_type",
          "status": "unknown"
        }
      ]
    }
  ]
}
